// !$*UTF8*$!
{
	archiveVersion = 1;
	classes = {
	};
	objectVersion = 45;
	objects = {

/* Begin PBXBuildFile section */
		8E14BA8511E764D10021BB4D /* Enemy.cpp in Sources */ = {isa = PBXBuildFile; fileRef = 8E14BA8411E764D10021BB4D /* Enemy.cpp */; };
		8E14BA8611E764D10021BB4D /* Enemy.cpp in Sources */ = {isa = PBXBuildFile; fileRef = 8E14BA8411E764D10021BB4D /* Enemy.cpp */; };
		8E14BA8711E764D10021BB4D /* Enemy.cpp in Sources */ = {isa = PBXBuildFile; fileRef = 8E14BA8411E764D10021BB4D /* Enemy.cpp */; };
		8E14BA8E11E765290021BB4D /* Enemy1.cpp in Sources */ = {isa = PBXBuildFile; fileRef = 8E14BA8D11E765290021BB4D /* Enemy1.cpp */; };
		8E14BA8F11E765290021BB4D /* Enemy1.cpp in Sources */ = {isa = PBXBuildFile; fileRef = 8E14BA8D11E765290021BB4D /* Enemy1.cpp */; };
		8E14BA9011E765290021BB4D /* Enemy1.cpp in Sources */ = {isa = PBXBuildFile; fileRef = 8E14BA8D11E765290021BB4D /* Enemy1.cpp */; };
		8E14BDD711E8340F0021BB4D /* loading_chara.png in Resources */ = {isa = PBXBuildFile; fileRef = 8E14BDD611E8340F0021BB4D /* loading_chara.png */; };
		8E14BDD811E8340F0021BB4D /* loading_chara.png in Resources */ = {isa = PBXBuildFile; fileRef = 8E14BDD611E8340F0021BB4D /* loading_chara.png */; };
		8E14BDD911E8340F0021BB4D /* loading_chara.png in Resources */ = {isa = PBXBuildFile; fileRef = 8E14BDD611E8340F0021BB4D /* loading_chara.png */; };
		8E37172C1151907500B1655B /* player.png in Resources */ = {isa = PBXBuildFile; fileRef = 8E37172B1151907500B1655B /* player.png */; };
		8E37172D1151907500B1655B /* player.png in Resources */ = {isa = PBXBuildFile; fileRef = 8E37172B1151907500B1655B /* player.png */; };
		8E37172E1151907500B1655B /* player.png in Resources */ = {isa = PBXBuildFile; fileRef = 8E37172B1151907500B1655B /* player.png */; };
		8E4B202811F1CD310041E14D /* Default_V.png in Resources */ = {isa = PBXBuildFile; fileRef = 8E4B202711F1CD310041E14D /* Default_V.png */; };
		8E4B202911F1CD310041E14D /* Default_V.png in Resources */ = {isa = PBXBuildFile; fileRef = 8E4B202711F1CD310041E14D /* Default_V.png */; };
		8E4B202A11F1CD310041E14D /* Default_V.png in Resources */ = {isa = PBXBuildFile; fileRef = 8E4B202711F1CD310041E14D /* Default_V.png */; };
		8E6F55431011CA330022E442 /* GameMain.cpp in Sources */ = {isa = PBXBuildFile; fileRef = 8E6F55421011CA330022E442 /* GameMain.cpp */; };
		8E6F55441011CA330022E442 /* GameMain.cpp in Sources */ = {isa = PBXBuildFile; fileRef = 8E6F55421011CA330022E442 /* GameMain.cpp */; };
		8E6F5A361011D6B60022E442 /* KarakuriLibraryConnector.mm in Sources */ = {isa = PBXBuildFile; fileRef = 8E6F5A351011D6B60022E442 /* KarakuriLibraryConnector.mm */; };
		8E6F5A371011D6B60022E442 /* KarakuriLibraryConnector.mm in Sources */ = {isa = PBXBuildFile; fileRef = 8E6F5A351011D6B60022E442 /* KarakuriLibraryConnector.mm */; };
		8E8A9E6D112ED4B6007DD029 /* Player.cpp in Sources */ = {isa = PBXBuildFile; fileRef = 8E8A9E6C112ED4B6007DD029 /* Player.cpp */; };
		8E8A9E6E112ED4B6007DD029 /* Player.cpp in Sources */ = {isa = PBXBuildFile; fileRef = 8E8A9E6C112ED4B6007DD029 /* Player.cpp */; };
		8E8A9E6F112ED4B6007DD029 /* Player.cpp in Sources */ = {isa = PBXBuildFile; fileRef = 8E8A9E6C112ED4B6007DD029 /* Player.cpp */; };
		8EA66030102A252600F7081C /* GameMain.cpp in Sources */ = {isa = PBXBuildFile; fileRef = 8E6F55421011CA330022E442 /* GameMain.cpp */; };
		8EA66031102A252600F7081C /* KarakuriLibraryConnector.mm in Sources */ = {isa = PBXBuildFile; fileRef = 8E6F5A351011D6B60022E442 /* KarakuriLibraryConnector.mm */; };
		8EA66032102A252600F7081C /* LogoWorld.cpp in Sources */ = {isa = PBXBuildFile; fileRef = 8ED951931017AB0D00CFB07D /* LogoWorld.cpp */; };
		8EA660A4102A372F00F7081C /* PlayWorld.cpp in Sources */ = {isa = PBXBuildFile; fileRef = 8EA660A3102A372F00F7081C /* PlayWorld.cpp */; };
		8EA660A5102A372F00F7081C /* PlayWorld.cpp in Sources */ = {isa = PBXBuildFile; fileRef = 8EA660A3102A372F00F7081C /* PlayWorld.cpp */; };
		8EA660A6102A372F00F7081C /* PlayWorld.cpp in Sources */ = {isa = PBXBuildFile; fileRef = 8EA660A3102A372F00F7081C /* PlayWorld.cpp */; };
		8EAB642F101B308C00DDA881 /* Entitlements.plist in Resources */ = {isa = PBXBuildFile; fileRef = 8EAB642E101B308C00DDA881 /* Entitlements.plist */; };
		8EC66E2911E9F9F8009853A2 /* Default-Landscape.png in Resources */ = {isa = PBXBuildFile; fileRef = 8EC66E2711E9F9F8009853A2 /* Default-Landscape.png */; };
		8EC66E2A11E9F9F8009853A2 /* Default-Portrait.png in Resources */ = {isa = PBXBuildFile; fileRef = 8EC66E2811E9F9F8009853A2 /* Default-Portrait.png */; };
		8EC66E2B11E9F9F8009853A2 /* Default-Landscape.png in Resources */ = {isa = PBXBuildFile; fileRef = 8EC66E2711E9F9F8009853A2 /* Default-Landscape.png */; };
		8EC66E2C11E9F9F8009853A2 /* Default-Portrait.png in Resources */ = {isa = PBXBuildFile; fileRef = 8EC66E2811E9F9F8009853A2 /* Default-Portrait.png */; };
		8EC66E2D11E9F9F8009853A2 /* Default-Landscape.png in Resources */ = {isa = PBXBuildFile; fileRef = 8EC66E2711E9F9F8009853A2 /* Default-Landscape.png */; };
		8EC66E2E11E9F9F8009853A2 /* Default-Portrait.png in Resources */ = {isa = PBXBuildFile; fileRef = 8EC66E2811E9F9F8009853A2 /* Default-Portrait.png */; };
		8EC66E3011E9FAC6009853A2 /* iphone_icon.png in Resources */ = {isa = PBXBuildFile; fileRef = 8EC66E2F11E9FAC6009853A2 /* iphone_icon.png */; };
		8EC66E3111E9FAC6009853A2 /* iphone_icon.png in Resources */ = {isa = PBXBuildFile; fileRef = 8EC66E2F11E9FAC6009853A2 /* iphone_icon.png */; };
		8EC66E3211E9FAC6009853A2 /* iphone_icon.png in Resources */ = {isa = PBXBuildFile; fileRef = 8EC66E2F11E9FAC6009853A2 /* iphone_icon.png */; };
		8EC66E3411E9FB86009853A2 /* Default.png in Resources */ = {isa = PBXBuildFile; fileRef = 8EC66E3311E9FB86009853A2 /* Default.png */; };
		8EC66E3511E9FB86009853A2 /* Default.png in Resources */ = {isa = PBXBuildFile; fileRef = 8EC66E3311E9FB86009853A2 /* Default.png */; };
		8EC66E3611E9FB86009853A2 /* Default.png in Resources */ = {isa = PBXBuildFile; fileRef = 8EC66E3311E9FB86009853A2 /* Default.png */; };
		8EC66F1911EA0562009853A2 /* title.png in Resources */ = {isa = PBXBuildFile; fileRef = 8EC66F1811EA0562009853A2 /* title.png */; };
		8EC66F1A11EA0562009853A2 /* title.png in Resources */ = {isa = PBXBuildFile; fileRef = 8EC66F1811EA0562009853A2 /* title.png */; };
		8EC66F1B11EA0562009853A2 /* title.png in Resources */ = {isa = PBXBuildFile; fileRef = 8EC66F1811EA0562009853A2 /* title.png */; };
		8EC66FAE11EA0E4D009853A2 /* loading_text.png in Resources */ = {isa = PBXBuildFile; fileRef = 8EC66FAD11EA0E4D009853A2 /* loading_text.png */; };
		8EC66FAF11EA0E4D009853A2 /* loading_text.png in Resources */ = {isa = PBXBuildFile; fileRef = 8EC66FAD11EA0E4D009853A2 /* loading_text.png */; };
		8EC66FB011EA0E4D009853A2 /* loading_text.png in Resources */ = {isa = PBXBuildFile; fileRef = 8EC66FAD11EA0E4D009853A2 /* loading_text.png */; };
		8EC66FE511EA114A009853A2 /* loading_on.png in Resources */ = {isa = PBXBuildFile; fileRef = 8EC66FE311EA114A009853A2 /* loading_on.png */; };
		8EC66FE611EA114A009853A2 /* loading_off.png in Resources */ = {isa = PBXBuildFile; fileRef = 8EC66FE411EA114A009853A2 /* loading_off.png */; };
		8EC66FE711EA114A009853A2 /* loading_on.png in Resources */ = {isa = PBXBuildFile; fileRef = 8EC66FE311EA114A009853A2 /* loading_on.png */; };
		8EC66FE811EA114A009853A2 /* loading_off.png in Resources */ = {isa = PBXBuildFile; fileRef = 8EC66FE411EA114A009853A2 /* loading_off.png */; };
		8EC66FE911EA114A009853A2 /* loading_on.png in Resources */ = {isa = PBXBuildFile; fileRef = 8EC66FE311EA114A009853A2 /* loading_on.png */; };
		8EC66FEA11EA114A009853A2 /* loading_off.png in Resources */ = {isa = PBXBuildFile; fileRef = 8EC66FE411EA114A009853A2 /* loading_off.png */; };
		8EC6705111EA14B2009853A2 /* se_burn.caf in Resources */ = {isa = PBXBuildFile; fileRef = 8EC6705011EA14B2009853A2 /* se_burn.caf */; };
		8EC6705211EA14B2009853A2 /* se_burn.caf in Resources */ = {isa = PBXBuildFile; fileRef = 8EC6705011EA14B2009853A2 /* se_burn.caf */; };
		8EC6705311EA14B2009853A2 /* se_burn.caf in Resources */ = {isa = PBXBuildFile; fileRef = 8EC6705011EA14B2009853A2 /* se_burn.caf */; };
		8EC6708111EA17C8009853A2 /* bgm_loading.caf in Resources */ = {isa = PBXBuildFile; fileRef = 8EC6708011EA17C8009853A2 /* bgm_loading.caf */; };
		8EC6708211EA17C8009853A2 /* bgm_loading.caf in Resources */ = {isa = PBXBuildFile; fileRef = 8EC6708011EA17C8009853A2 /* bgm_loading.caf */; };
		8EC6708311EA17C8009853A2 /* bgm_loading.caf in Resources */ = {isa = PBXBuildFile; fileRef = 8EC6708011EA17C8009853A2 /* bgm_loading.caf */; };
		8EC6709D11EA193E009853A2 /* bgm_title.caf in Resources */ = {isa = PBXBuildFile; fileRef = 8EC6709C11EA193E009853A2 /* bgm_title.caf */; };
		8EC6709E11EA193E009853A2 /* bgm_title.caf in Resources */ = {isa = PBXBuildFile; fileRef = 8EC6709C11EA193E009853A2 /* bgm_title.caf */; };
		8EC6709F11EA193E009853A2 /* bgm_title.caf in Resources */ = {isa = PBXBuildFile; fileRef = 8EC6709C11EA193E009853A2 /* bgm_title.caf */; };
		8EC670AC11EA1BAC009853A2 /* bgm_play.caf in Resources */ = {isa = PBXBuildFile; fileRef = 8EC670AB11EA1BAC009853A2 /* bgm_play.caf */; };
		8EC670AD11EA1BAC009853A2 /* bgm_play.caf in Resources */ = {isa = PBXBuildFile; fileRef = 8EC670AB11EA1BAC009853A2 /* bgm_play.caf */; };
		8EC670AE11EA1BAC009853A2 /* bgm_play.caf in Resources */ = {isa = PBXBuildFile; fileRef = 8EC670AB11EA1BAC009853A2 /* bgm_play.caf */; };
		8EC671A211EA2A17009853A2 /* Enemy2.cpp in Sources */ = {isa = PBXBuildFile; fileRef = 8EC671A111EA2A17009853A2 /* Enemy2.cpp */; };
		8EC671A311EA2A17009853A2 /* Enemy2.cpp in Sources */ = {isa = PBXBuildFile; fileRef = 8EC671A111EA2A17009853A2 /* Enemy2.cpp */; };
		8EC671A411EA2A17009853A2 /* Enemy2.cpp in Sources */ = {isa = PBXBuildFile; fileRef = 8EC671A111EA2A17009853A2 /* Enemy2.cpp */; };
		8EC671E311EA2C4F009853A2 /* resource.krrs in Resources */ = {isa = PBXBuildFile; fileRef = 8EC671E211EA2C4F009853A2 /* resource.krrs */; };
		8EC671E411EA2C4F009853A2 /* resource.krrs in Resources */ = {isa = PBXBuildFile; fileRef = 8EC671E211EA2C4F009853A2 /* resource.krrs */; };
		8EC671E511EA2C4F009853A2 /* resource.krrs in Resources */ = {isa = PBXBuildFile; fileRef = 8EC671E211EA2C4F009853A2 /* resource.krrs */; };
		8ED951941017AB0D00CFB07D /* LogoWorld.cpp in Sources */ = {isa = PBXBuildFile; fileRef = 8ED951931017AB0D00CFB07D /* LogoWorld.cpp */; };
		8ED951951017AB0D00CFB07D /* LogoWorld.cpp in Sources */ = {isa = PBXBuildFile; fileRef = 8ED951931017AB0D00CFB07D /* LogoWorld.cpp */; };
		8EEA291D1126C17A00226D42 /* Globals.cpp in Sources */ = {isa = PBXBuildFile; fileRef = 8EEA291C1126C17A00226D42 /* Globals.cpp */; };
		8EEA291E1126C17A00226D42 /* Globals.cpp in Sources */ = {isa = PBXBuildFile; fileRef = 8EEA291C1126C17A00226D42 /* Globals.cpp */; };
		8EEA291F1126C17A00226D42 /* Globals.cpp in Sources */ = {isa = PBXBuildFile; fileRef = 8EEA291C1126C17A00226D42 /* Globals.cpp */; };
		8EEA29CC1126D1D700226D42 /* TitleWorld.cpp in Sources */ = {isa = PBXBuildFile; fileRef = 8EEA29CB1126D1D700226D42 /* TitleWorld.cpp */; };
		8EEA29CD1126D1D700226D42 /* TitleWorld.cpp in Sources */ = {isa = PBXBuildFile; fileRef = 8EEA29CB1126D1D700226D42 /* TitleWorld.cpp */; };
		8EEA29CE1126D1D700226D42 /* TitleWorld.cpp in Sources */ = {isa = PBXBuildFile; fileRef = 8EEA29CB1126D1D700226D42 /* TitleWorld.cpp */; };
		8EEA2B8D1126EB3F00226D42 /* LoadingWorld.cpp in Sources */ = {isa = PBXBuildFile; fileRef = 8EEA2B8C1126EB3F00226D42 /* LoadingWorld.cpp */; };
		8EEA2B8E1126EB3F00226D42 /* LoadingWorld.cpp in Sources */ = {isa = PBXBuildFile; fileRef = 8EEA2B8C1126EB3F00226D42 /* LoadingWorld.cpp */; };
		8EEA2B8F1126EB3F00226D42 /* LoadingWorld.cpp in Sources */ = {isa = PBXBuildFile; fileRef = 8EEA2B8C1126EB3F00226D42 /* LoadingWorld.cpp */; };
/* End PBXBuildFile section */

/* Begin PBXFileReference section */
		8D1107320486CEB800E47090 /* ___PROJECTNAME___.app */ = {isa = PBXFileReference; explicitFileType = wrapper.application; includeInIndex = 0; path = "___PROJECTNAME___.app"; sourceTree = BUILT_PRODUCTS_DIR; };
		8E14BA8311E764D10021BB4D /* Enemy.h */ = {isa = PBXFileReference; fileEncoding = 4; lastKnownFileType = sourcecode.c.h; path = Enemy.h; sourceTree = "<group>"; };
		8E14BA8411E764D10021BB4D /* Enemy.cpp */ = {isa = PBXFileReference; fileEncoding = 4; lastKnownFileType = sourcecode.cpp.cpp; path = Enemy.cpp; sourceTree = "<group>"; };
		8E14BA8C11E765290021BB4D /* Enemy1.h */ = {isa = PBXFileReference; fileEncoding = 4; lastKnownFileType = sourcecode.c.h; path = Enemy1.h; sourceTree = "<group>"; };
		8E14BA8D11E765290021BB4D /* Enemy1.cpp */ = {isa = PBXFileReference; fileEncoding = 4; lastKnownFileType = sourcecode.cpp.cpp; path = Enemy1.cpp; sourceTree = "<group>"; };
		8E14BDD611E8340F0021BB4D /* loading_chara.png */ = {isa = PBXFileReference; lastKnownFileType = image.png; path = loading_chara.png; sourceTree = "<group>"; };
		8E36486F11ED3E0B0031ECAD /* Game Resource.krbox */ = {isa = PBXFileReference; explicitFileType = archive; fileEncoding = 4; path = "Game Resource.krbox"; sourceTree = "<group>"; };
		8E37172B1151907500B1655B /* player.png */ = {isa = PBXFileReference; lastKnownFileType = image.png; path = player.png; sourceTree = "<group>"; };
		8E4B202711F1CD310041E14D /* Default_V.png */ = {isa = PBXFileReference; lastKnownFileType = image.png; path = Default_V.png; sourceTree = "<group>"; };
		8E6F55411011CA330022E442 /* GameMain.h */ = {isa = PBXFileReference; fileEncoding = 4; lastKnownFileType = sourcecode.c.h; path = GameMain.h; sourceTree = "<group>"; };
		8E6F55421011CA330022E442 /* GameMain.cpp */ = {isa = PBXFileReference; fileEncoding = 4; lastKnownFileType = sourcecode.cpp.cpp; path = GameMain.cpp; sourceTree = "<group>"; };
		8E6F5A351011D6B60022E442 /* KarakuriLibraryConnector.mm */ = {isa = PBXFileReference; fileEncoding = 4; lastKnownFileType = sourcecode.cpp.objcpp; path = KarakuriLibraryConnector.mm; sourceTree = "<group>"; };
		8E8A9E6B112ED4B6007DD029 /* Player.h */ = {isa = PBXFileReference; fileEncoding = 4; lastKnownFileType = sourcecode.c.h; path = Player.h; sourceTree = "<group>"; };
		8E8A9E6C112ED4B6007DD029 /* Player.cpp */ = {isa = PBXFileReference; fileEncoding = 4; lastKnownFileType = sourcecode.cpp.cpp; path = Player.cpp; sourceTree = "<group>"; };
		8EA66038102A252600F7081C /* ___PROJECTNAME___.app */ = {isa = PBXFileReference; explicitFileType = wrapper.application; includeInIndex = 0; path = "___PROJECTNAME___.app"; sourceTree = BUILT_PRODUCTS_DIR; };
		8EA660A2102A372F00F7081C /* PlayWorld.h */ = {isa = PBXFileReference; fileEncoding = 4; lastKnownFileType = sourcecode.c.h; path = PlayWorld.h; sourceTree = "<group>"; };
		8EA660A3102A372F00F7081C /* PlayWorld.cpp */ = {isa = PBXFileReference; fileEncoding = 4; lastKnownFileType = sourcecode.cpp.cpp; path = PlayWorld.cpp; sourceTree = "<group>"; };
		8EAB608C101B25A600DDA881 /* Karakuri_Prefix.pch */ = {isa = PBXFileReference; fileEncoding = 4; lastKnownFileType = sourcecode.c.h; path = Karakuri_Prefix.pch; sourceTree = "<group>"; };
		8EAB642E101B308C00DDA881 /* Entitlements.plist */ = {isa = PBXFileReference; fileEncoding = 4; lastKnownFileType = text.plist.xml; path = Entitlements.plist; sourceTree = "<group>"; };
		8EC66E2711E9F9F8009853A2 /* Default-Landscape.png */ = {isa = PBXFileReference; lastKnownFileType = image.png; path = "Default-Landscape.png"; sourceTree = "<group>"; };
		8EC66E2811E9F9F8009853A2 /* Default-Portrait.png */ = {isa = PBXFileReference; lastKnownFileType = image.png; path = "Default-Portrait.png"; sourceTree = "<group>"; };
		8EC66E2F11E9FAC6009853A2 /* iphone_icon.png */ = {isa = PBXFileReference; lastKnownFileType = image.png; path = iphone_icon.png; sourceTree = "<group>"; };
		8EC66E3311E9FB86009853A2 /* Default.png */ = {isa = PBXFileReference; lastKnownFileType = image.png; path = Default.png; sourceTree = "<group>"; };
		8EC66F1811EA0562009853A2 /* title.png */ = {isa = PBXFileReference; lastKnownFileType = image.png; path = title.png; sourceTree = "<group>"; };
		8EC66FAD11EA0E4D009853A2 /* loading_text.png */ = {isa = PBXFileReference; lastKnownFileType = image.png; path = loading_text.png; sourceTree = "<group>"; };
		8EC66FE311EA114A009853A2 /* loading_on.png */ = {isa = PBXFileReference; lastKnownFileType = image.png; path = loading_on.png; sourceTree = "<group>"; };
		8EC66FE411EA114A009853A2 /* loading_off.png */ = {isa = PBXFileReference; lastKnownFileType = image.png; path = loading_off.png; sourceTree = "<group>"; };
		8EC6705011EA14B2009853A2 /* se_burn.caf */ = {isa = PBXFileReference; lastKnownFileType = file; path = se_burn.caf; sourceTree = "<group>"; };
		8EC6708011EA17C8009853A2 /* bgm_loading.caf */ = {isa = PBXFileReference; lastKnownFileType = file; path = bgm_loading.caf; sourceTree = "<group>"; };
		8EC6709C11EA193E009853A2 /* bgm_title.caf */ = {isa = PBXFileReference; lastKnownFileType = file; path = bgm_title.caf; sourceTree = "<group>"; };
		8EC670AB11EA1BAC009853A2 /* bgm_play.caf */ = {isa = PBXFileReference; lastKnownFileType = file; path = bgm_play.caf; sourceTree = "<group>"; };
		8EC671A011EA2A17009853A2 /* Enemy2.h */ = {isa = PBXFileReference; fileEncoding = 4; lastKnownFileType = sourcecode.c.h; path = Enemy2.h; sourceTree = "<group>"; };
		8EC671A111EA2A17009853A2 /* Enemy2.cpp */ = {isa = PBXFileReference; fileEncoding = 4; lastKnownFileType = sourcecode.cpp.cpp; path = Enemy2.cpp; sourceTree = "<group>"; };
		8EC671E211EA2C4F009853A2 /* resource.krrs */ = {isa = PBXFileReference; lastKnownFileType = file; path = resource.krrs; sourceTree = "<group>"; };
		8ECE9A3A101034D500F32CF7 /* ___PROJECTNAME___.app */ = {isa = PBXFileReference; explicitFileType = wrapper.application; includeInIndex = 0; path = "___PROJECTNAME___.app"; sourceTree = BUILT_PRODUCTS_DIR; };
		8ED0E10D11ED113100A7553A /* GameResourceID.h */ = {isa = PBXFileReference; fileEncoding = 4; lastKnownFileType = sourcecode.c.h; path = GameResourceID.h; sourceTree = "<group>"; };
		8ED951921017AB0D00CFB07D /* LogoWorld.h */ = {isa = PBXFileReference; fileEncoding = 4; lastKnownFileType = sourcecode.c.h; path = LogoWorld.h; sourceTree = "<group>"; };
		8ED951931017AB0D00CFB07D /* LogoWorld.cpp */ = {isa = PBXFileReference; fileEncoding = 4; lastKnownFileType = sourcecode.cpp.cpp; path = LogoWorld.cpp; sourceTree = "<group>"; };
		8EE4CDB810103989007AD36D /* MacOSX-Info.plist */ = {isa = PBXFileReference; fileEncoding = 4; lastKnownFileType = text.plist.xml; path = "MacOSX-Info.plist"; sourceTree = "<group>"; };
		8EE4CE0E10103B57007AD36D /* iPhone-Info.plist */ = {isa = PBXFileReference; fileEncoding = 4; lastKnownFileType = text.plist.xml; path = "iPhone-Info.plist"; sourceTree = "<group>"; };
		8EEA291B1126C17A00226D42 /* Globals.h */ = {isa = PBXFileReference; fileEncoding = 4; lastKnownFileType = sourcecode.c.h; path = Globals.h; sourceTree = "<group>"; };
		8EEA291C1126C17A00226D42 /* Globals.cpp */ = {isa = PBXFileReference; fileEncoding = 4; lastKnownFileType = sourcecode.cpp.cpp; path = Globals.cpp; sourceTree = "<group>"; };
		8EEA29CA1126D1D700226D42 /* TitleWorld.h */ = {isa = PBXFileReference; fileEncoding = 4; lastKnownFileType = sourcecode.c.h; path = TitleWorld.h; sourceTree = "<group>"; };
		8EEA29CB1126D1D700226D42 /* TitleWorld.cpp */ = {isa = PBXFileReference; fileEncoding = 4; lastKnownFileType = sourcecode.cpp.cpp; path = TitleWorld.cpp; sourceTree = "<group>"; };
		8EEA2B8B1126EB3F00226D42 /* LoadingWorld.h */ = {isa = PBXFileReference; fileEncoding = 4; lastKnownFileType = sourcecode.c.h; path = LoadingWorld.h; sourceTree = "<group>"; };
		8EEA2B8C1126EB3F00226D42 /* LoadingWorld.cpp */ = {isa = PBXFileReference; fileEncoding = 4; lastKnownFileType = sourcecode.cpp.cpp; path = LoadingWorld.cpp; sourceTree = "<group>"; };
/* End PBXFileReference section */

/* Begin PBXFrameworksBuildPhase section */
		8D11072E0486CEB800E47090 /* Frameworks */ = {
			isa = PBXFrameworksBuildPhase;
			buildActionMask = 2147483647;
			files = (
			);
			runOnlyForDeploymentPostprocessing = 0;
		};
		8EA66034102A252600F7081C /* Frameworks */ = {
			isa = PBXFrameworksBuildPhase;
			buildActionMask = 2147483647;
			files = (
			);
			runOnlyForDeploymentPostprocessing = 0;
		};
		8ECE9A38101034D500F32CF7 /* Frameworks */ = {
			isa = PBXFrameworksBuildPhase;
			buildActionMask = 2147483647;
			files = (
			);
			runOnlyForDeploymentPostprocessing = 0;
		};
/* End PBXFrameworksBuildPhase section */

/* Begin PBXGroup section */
		080E96DDFE201D6D7F000001 /* Source Files */ = {
			isa = PBXGroup;
			children = (
				8ED0E10D11ED113100A7553A /* GameResourceID.h */,
				8EEA291B1126C17A00226D42 /* Globals.h */,
				8EEA291C1126C17A00226D42 /* Globals.cpp */,
				8E6F55411011CA330022E442 /* GameMain.h */,
				8E6F55421011CA330022E442 /* GameMain.cpp */,
				8ED951921017AB0D00CFB07D /* LogoWorld.h */,
				8ED951931017AB0D00CFB07D /* LogoWorld.cpp */,
				8EEA2B8B1126EB3F00226D42 /* LoadingWorld.h */,
				8EEA2B8C1126EB3F00226D42 /* LoadingWorld.cpp */,
				8EEA29CA1126D1D700226D42 /* TitleWorld.h */,
				8EEA29CB1126D1D700226D42 /* TitleWorld.cpp */,
				8EA660A2102A372F00F7081C /* PlayWorld.h */,
				8EA660A3102A372F00F7081C /* PlayWorld.cpp */,
				8E8A9E6B112ED4B6007DD029 /* Player.h */,
				8E8A9E6C112ED4B6007DD029 /* Player.cpp */,
				8E14BA8311E764D10021BB4D /* Enemy.h */,
				8E14BA8411E764D10021BB4D /* Enemy.cpp */,
				8E14BA8C11E765290021BB4D /* Enemy1.h */,
				8E14BA8D11E765290021BB4D /* Enemy1.cpp */,
				8EC671A011EA2A17009853A2 /* Enemy2.h */,
				8EC671A111EA2A17009853A2 /* Enemy2.cpp */,
			);
			name = "Source Files";
			path = source;
			sourceTree = "<group>";
		};
		19C28FACFE9D520D11CA2CBB /* Products */ = {
			isa = PBXGroup;
			children = (
				8D1107320486CEB800E47090 /* ___PROJECTNAME___.app */,
				8ECE9A3A101034D500F32CF7 /* ___PROJECTNAME___.app */,
				8EA66038102A252600F7081C /* ___PROJECTNAME___.app */,
			);
			name = Products;
			sourceTree = "<group>";
		};
		29B97314FDCFA39411CA2CEA /* Karakuri Prototype */ = {
			isa = PBXGroup;
			children = (
				080E96DDFE201D6D7F000001 /* Source Files */,
				8E6F600C1011F5110022E442 /* Resource Files */,
				8E6F60391011F7250022E442 /* Settings */,
				8E6F5DFB1011E9F50022E442 /* Other Sources */,
				19C28FACFE9D520D11CA2CBB /* Products */,
			);
			name = "Karakuri Prototype";
			sourceTree = "<group>";
		};
		8E6F5DFB1011E9F50022E442 /* Other Sources */ = {
			isa = PBXGroup;
			children = (
				8EAB608C101B25A600DDA881 /* Karakuri_Prefix.pch */,
				8E6F5A351011D6B60022E442 /* KarakuriLibraryConnector.mm */,
			);
			name = "Other Sources";
			sourceTree = "<group>";
		};
		8E6F600C1011F5110022E442 /* Resource Files */ = {
			isa = PBXGroup;
			children = (
				8E36486F11ED3E0B0031ECAD /* Game Resource.krbox */,
				8E6F600D1011F51D0022E442 /* Image */,
				8E6F600E1011F5290022E442 /* Sound */,
				8ED0E10311ED0FB300A7553A /* Other Resources */,
			);
			name = "Resource Files";
			path = resource;
			sourceTree = "<group>";
		};
		8E6F600D1011F51D0022E442 /* Image */ = {
			isa = PBXGroup;
			children = (
				8EC66E3311E9FB86009853A2 /* Default.png */,
				8E4B202711F1CD310041E14D /* Default_V.png */,
				8EC66E2711E9F9F8009853A2 /* Default-Landscape.png */,
				8EC66E2811E9F9F8009853A2 /* Default-Portrait.png */,
				8EC66E2F11E9FAC6009853A2 /* iphone_icon.png */,
				8EC66FE311EA114A009853A2 /* loading_on.png */,
				8EC66FE411EA114A009853A2 /* loading_off.png */,
				8E14BDD611E8340F0021BB4D /* loading_chara.png */,
				8EC66FAD11EA0E4D009853A2 /* loading_text.png */,
				8EC66F1811EA0562009853A2 /* title.png */,
				8E37172B1151907500B1655B /* player.png */,
			);
			name = Image;
			sourceTree = "<group>";
		};
		8E6F600E1011F5290022E442 /* Sound */ = {
			isa = PBXGroup;
			children = (
				8EC6709C11EA193E009853A2 /* bgm_title.caf */,
				8EC6708011EA17C8009853A2 /* bgm_loading.caf */,
				8EC670AB11EA1BAC009853A2 /* bgm_play.caf */,
				8EC6705011EA14B2009853A2 /* se_burn.caf */,
			);
			name = Sound;
			sourceTree = "<group>";
		};
		8E6F60391011F7250022E442 /* Settings */ = {
			isa = PBXGroup;
			children = (
				8EAB6430101B309000DDA881 /* macosx */,
				8EAB6431101B309800DDA881 /* iphone */,
			);
			name = Settings;
			sourceTree = "<group>";
		};
		8EAB6430101B309000DDA881 /* macosx */ = {
			isa = PBXGroup;
			children = (
				8EE4CDB810103989007AD36D /* MacOSX-Info.plist */,
			);
			name = macosx;
			sourceTree = "<group>";
		};
		8EAB6431101B309800DDA881 /* iphone */ = {
			isa = PBXGroup;
			children = (
				8EAB642E101B308C00DDA881 /* Entitlements.plist */,
				8EE4CE0E10103B57007AD36D /* iPhone-Info.plist */,
			);
			name = iphone;
			sourceTree = "<group>";
		};
		8ED0E10311ED0FB300A7553A /* Other Resources */ = {
			isa = PBXGroup;
			children = (
				8EC671E211EA2C4F009853A2 /* resource.krrs */,
			);
			name = "Other Resources";
			sourceTree = "<group>";
		};
/* End PBXGroup section */

/* Begin PBXNativeTarget section */
		8D1107260486CEB800E47090 /* Mac OS X */ = {
			isa = PBXNativeTarget;
			buildConfigurationList = C01FCF4A08A954540054247B /* Build configuration list for PBXNativeTarget "Mac OS X" */;
			buildPhases = (
				8D1107290486CEB800E47090 /* Resources */,
				8D11072C0486CEB800E47090 /* Sources */,
				8D11072E0486CEB800E47090 /* Frameworks */,
			);
			buildRules = (
			);
			dependencies = (
			);
			name = "Mac OS X";
			productInstallPath = "$(HOME)/Applications";
			productName = "Karakuri Prototype";
			productReference = 8D1107320486CEB800E47090 /* ___PROJECTNAME___.app */;
			productType = "com.apple.product-type.application";
		};
		8EA6602C102A252600F7081C /* iOS (Emulator) */ = {
			isa = PBXNativeTarget;
			buildConfigurationList = 8EA66035102A252600F7081C /* Build configuration list for PBXNativeTarget "iOS (Emulator)" */;
			buildPhases = (
				8EA6602D102A252600F7081C /* Resources */,
				8EA6602F102A252600F7081C /* Sources */,
				8EA66034102A252600F7081C /* Frameworks */,
			);
			buildRules = (
			);
			dependencies = (
			);
			name = "iOS (Emulator)";
			productInstallPath = "$(HOME)/Applications";
			productName = "Karakuri Prototype";
			productReference = 8EA66038102A252600F7081C /* ___PROJECTNAME___.app */;
			productType = "com.apple.product-type.application";
		};
		8ECE9A39101034D500F32CF7 /* iOS */ = {
			isa = PBXNativeTarget;
			buildConfigurationList = 8ECE9A3F101034D600F32CF7 /* Build configuration list for PBXNativeTarget "iOS" */;
			buildPhases = (
				8ECE9A36101034D500F32CF7 /* Resources */,
				8ECE9A37101034D500F32CF7 /* Sources */,
				8ECE9A38101034D500F32CF7 /* Frameworks */,
			);
			buildRules = (
			);
			dependencies = (
			);
			name = iOS;
			productName = iPhone;
			productReference = 8ECE9A3A101034D500F32CF7 /* ___PROJECTNAME___.app */;
			productType = "com.apple.product-type.application";
		};
/* End PBXNativeTarget section */

/* Begin PBXProject section */
		29B97313FDCFA39411CA2CEA /* Project object */ = {
			isa = PBXProject;
			buildConfigurationList = C01FCF4E08A954540054247B /* Build configuration list for PBXProject "___PROJECTNAME___" */;
			compatibilityVersion = "Xcode 3.1";
			hasScannedForEncodings = 1;
			mainGroup = 29B97314FDCFA39411CA2CEA /* Karakuri Prototype */;
			projectDirPath = "";
			projectRoot = "";
			targets = (
				8EA6602C102A252600F7081C /* iOS (Emulator) */,
				8ECE9A39101034D500F32CF7 /* iOS */,
				8D1107260486CEB800E47090 /* Mac OS X */,
			);
		};
/* End PBXProject section */

/* Begin PBXResourcesBuildPhase section */
		8D1107290486CEB800E47090 /* Resources */ = {
			isa = PBXResourcesBuildPhase;
			buildActionMask = 2147483647;
			files = (
				8E37172E1151907500B1655B /* player.png in Resources */,
				8E14BDD711E8340F0021BB4D /* loading_chara.png in Resources */,
				8EC66E2911E9F9F8009853A2 /* Default-Landscape.png in Resources */,
				8EC66E2A11E9F9F8009853A2 /* Default-Portrait.png in Resources */,
				8EC66E3011E9FAC6009853A2 /* iphone_icon.png in Resources */,
				8EC66E3411E9FB86009853A2 /* Default.png in Resources */,
				8EC66F1911EA0562009853A2 /* title.png in Resources */,
				8EC66FAE11EA0E4D009853A2 /* loading_text.png in Resources */,
				8EC66FE511EA114A009853A2 /* loading_on.png in Resources */,
				8EC66FE611EA114A009853A2 /* loading_off.png in Resources */,
				8EC6705111EA14B2009853A2 /* se_burn.caf in Resources */,
				8EC6708111EA17C8009853A2 /* bgm_loading.caf in Resources */,
				8EC6709D11EA193E009853A2 /* bgm_title.caf in Resources */,
				8EC670AC11EA1BAC009853A2 /* bgm_play.caf in Resources */,
				8EC671E411EA2C4F009853A2 /* resource.krrs in Resources */,
				8E4B202A11F1CD310041E14D /* Default_V.png in Resources */,
			);
			runOnlyForDeploymentPostprocessing = 0;
		};
		8EA6602D102A252600F7081C /* Resources */ = {
			isa = PBXResourcesBuildPhase;
			buildActionMask = 2147483647;
			files = (
				8E37172C1151907500B1655B /* player.png in Resources */,
				8E14BDD911E8340F0021BB4D /* loading_chara.png in Resources */,
				8EC66E2D11E9F9F8009853A2 /* Default-Landscape.png in Resources */,
				8EC66E2E11E9F9F8009853A2 /* Default-Portrait.png in Resources */,
				8EC66E3211E9FAC6009853A2 /* iphone_icon.png in Resources */,
				8EC66E3611E9FB86009853A2 /* Default.png in Resources */,
				8EC66F1B11EA0562009853A2 /* title.png in Resources */,
				8EC66FB011EA0E4D009853A2 /* loading_text.png in Resources */,
				8EC66FE911EA114A009853A2 /* loading_on.png in Resources */,
				8EC66FEA11EA114A009853A2 /* loading_off.png in Resources */,
				8EC6705311EA14B2009853A2 /* se_burn.caf in Resources */,
				8EC6708311EA17C8009853A2 /* bgm_loading.caf in Resources */,
				8EC6709F11EA193E009853A2 /* bgm_title.caf in Resources */,
				8EC670AE11EA1BAC009853A2 /* bgm_play.caf in Resources */,
				8EC671E311EA2C4F009853A2 /* resource.krrs in Resources */,
				8E4B202811F1CD310041E14D /* Default_V.png in Resources */,
			);
			runOnlyForDeploymentPostprocessing = 0;
		};
		8ECE9A36101034D500F32CF7 /* Resources */ = {
			isa = PBXResourcesBuildPhase;
			buildActionMask = 2147483647;
			files = (
				8EAB642F101B308C00DDA881 /* Entitlements.plist in Resources */,
				8E37172D1151907500B1655B /* player.png in Resources */,
				8E14BDD811E8340F0021BB4D /* loading_chara.png in Resources */,
				8EC66E2B11E9F9F8009853A2 /* Default-Landscape.png in Resources */,
				8EC66E2C11E9F9F8009853A2 /* Default-Portrait.png in Resources */,
				8EC66E3111E9FAC6009853A2 /* iphone_icon.png in Resources */,
				8EC66E3511E9FB86009853A2 /* Default.png in Resources */,
				8EC66F1A11EA0562009853A2 /* title.png in Resources */,
				8EC66FAF11EA0E4D009853A2 /* loading_text.png in Resources */,
				8EC66FE711EA114A009853A2 /* loading_on.png in Resources */,
				8EC66FE811EA114A009853A2 /* loading_off.png in Resources */,
				8EC6705211EA14B2009853A2 /* se_burn.caf in Resources */,
				8EC6708211EA17C8009853A2 /* bgm_loading.caf in Resources */,
				8EC6709E11EA193E009853A2 /* bgm_title.caf in Resources */,
				8EC670AD11EA1BAC009853A2 /* bgm_play.caf in Resources */,
				8EC671E511EA2C4F009853A2 /* resource.krrs in Resources */,
				8E4B202911F1CD310041E14D /* Default_V.png in Resources */,
			);
			runOnlyForDeploymentPostprocessing = 0;
		};
/* End PBXResourcesBuildPhase section */

/* Begin PBXSourcesBuildPhase section */
		8D11072C0486CEB800E47090 /* Sources */ = {
			isa = PBXSourcesBuildPhase;
			buildActionMask = 2147483647;
			files = (
				8E6F55431011CA330022E442 /* GameMain.cpp in Sources */,
				8E6F5A361011D6B60022E442 /* KarakuriLibraryConnector.mm in Sources */,
				8ED951951017AB0D00CFB07D /* LogoWorld.cpp in Sources */,
				8EA660A4102A372F00F7081C /* PlayWorld.cpp in Sources */,
				8EEA291D1126C17A00226D42 /* Globals.cpp in Sources */,
				8EEA29CE1126D1D700226D42 /* TitleWorld.cpp in Sources */,
				8EEA2B8F1126EB3F00226D42 /* LoadingWorld.cpp in Sources */,
				8E8A9E6F112ED4B6007DD029 /* Player.cpp in Sources */,
				8E14BA8511E764D10021BB4D /* Enemy.cpp in Sources */,
				8E14BA8E11E765290021BB4D /* Enemy1.cpp in Sources */,
				8EC671A311EA2A17009853A2 /* Enemy2.cpp in Sources */,
			);
			runOnlyForDeploymentPostprocessing = 0;
		};
		8EA6602F102A252600F7081C /* Sources */ = {
			isa = PBXSourcesBuildPhase;
			buildActionMask = 2147483647;
			files = (
				8EA66030102A252600F7081C /* GameMain.cpp in Sources */,
				8EA66031102A252600F7081C /* KarakuriLibraryConnector.mm in Sources */,
				8EA66032102A252600F7081C /* LogoWorld.cpp in Sources */,
				8EA660A5102A372F00F7081C /* PlayWorld.cpp in Sources */,
				8EEA291E1126C17A00226D42 /* Globals.cpp in Sources */,
				8EEA29CC1126D1D700226D42 /* TitleWorld.cpp in Sources */,
				8EEA2B8D1126EB3F00226D42 /* LoadingWorld.cpp in Sources */,
				8E8A9E6D112ED4B6007DD029 /* Player.cpp in Sources */,
				8E14BA8711E764D10021BB4D /* Enemy.cpp in Sources */,
				8E14BA9011E765290021BB4D /* Enemy1.cpp in Sources */,
				8EC671A211EA2A17009853A2 /* Enemy2.cpp in Sources */,
			);
			runOnlyForDeploymentPostprocessing = 0;
		};
		8ECE9A37101034D500F32CF7 /* Sources */ = {
			isa = PBXSourcesBuildPhase;
			buildActionMask = 2147483647;
			files = (
				8E6F55441011CA330022E442 /* GameMain.cpp in Sources */,
				8E6F5A371011D6B60022E442 /* KarakuriLibraryConnector.mm in Sources */,
				8ED951941017AB0D00CFB07D /* LogoWorld.cpp in Sources */,
				8EA660A6102A372F00F7081C /* PlayWorld.cpp in Sources */,
				8EEA291F1126C17A00226D42 /* Globals.cpp in Sources */,
				8EEA29CD1126D1D700226D42 /* TitleWorld.cpp in Sources */,
				8EEA2B8E1126EB3F00226D42 /* LoadingWorld.cpp in Sources */,
				8E8A9E6E112ED4B6007DD029 /* Player.cpp in Sources */,
				8E14BA8611E764D10021BB4D /* Enemy.cpp in Sources */,
				8E14BA8F11E765290021BB4D /* Enemy1.cpp in Sources */,
				8EC671A411EA2A17009853A2 /* Enemy2.cpp in Sources */,
			);
			runOnlyForDeploymentPostprocessing = 0;
		};
/* End PBXSourcesBuildPhase section */

/* Begin XCBuildConfiguration section */
		8EA66036102A252600F7081C /* Debug */ = {
			isa = XCBuildConfiguration;
			buildSettings = {
				ALWAYS_SEARCH_USER_PATHS = NO;
				COPY_PHASE_STRIP = NO;
				GCC_DYNAMIC_NO_PIC = NO;
				GCC_ENABLE_FIX_AND_CONTINUE = YES;
				GCC_MODEL_TUNING = G5;
				GCC_OPTIMIZATION_LEVEL = 0;
				GCC_PREPROCESSOR_DEFINITIONS = "KR_MACPHONE_EMU=1";
				INFOPLIST_FILE = "MacOSX-Info.plist";
				INSTALL_PATH = "$(HOME)/Applications";
				OTHER_LDFLAGS = (
					"-lkarakuri-macphone-emu-Debug",
					"-framework",
					OpenGL,
					"-framework",
					QuartzCore,
					"-framework",
					Foundation,
					"-framework",
					AppKit,
					"-framework",
					OpenAL,
					"-framework",
					AudioToolbox,
					"-framework",
					IOKit,
				);
				PRODUCT_NAME = "___PROJECTNAME___";
				SDKROOT = macosx10.5;
				SYMROOT = "build-emulator";
			};
			name = Debug;
		};
		8EA66037102A252600F7081C /* Release */ = {
			isa = XCBuildConfiguration;
			buildSettings = {
				ALWAYS_SEARCH_USER_PATHS = NO;
				DEBUG_INFORMATION_FORMAT = "dwarf-with-dsym";
				GCC_MODEL_TUNING = G5;
				GCC_PREPROCESSOR_DEFINITIONS = "KR_MACPHONE_EMU=1";
				INFOPLIST_FILE = "MacOSX-Info.plist";
				INSTALL_PATH = "$(HOME)/Applications";
				OTHER_LDFLAGS = (
					"-lkarakuri-macphone-emu-Release",
					"-framework",
					OpenGL,
					"-framework",
					QuartzCore,
					"-framework",
					Foundation,
					"-framework",
					AppKit,
					"-framework",
					OpenAL,
					"-framework",
					AudioToolbox,
					"-framework",
					IOKit,
				);
				PRODUCT_NAME = "___PROJECTNAME___";
				SDKROOT = macosx10.5;
				SYMROOT = "build-emulator";
			};
			name = Release;
		};
		8ECE9A3D101034D500F32CF7 /* Debug */ = {
			isa = XCBuildConfiguration;
			buildSettings = {
				ALWAYS_SEARCH_USER_PATHS = NO;
				CODE_SIGN_ENTITLEMENTS = Entitlements.plist;
				CODE_SIGN_IDENTITY = "iPhone Developer: Satoshi Numata (9Z2NGKFWMB)";
				COPY_PHASE_STRIP = NO;
				GCC_DYNAMIC_NO_PIC = NO;
				GCC_OPTIMIZATION_LEVEL = 0;
				GCC_VERSION = 4.2;
				INFOPLIST_FILE = "iPhone-Info.plist";
				INSTALL_PATH = "$(HOME)/Applications";
				IPHONEOS_DEPLOYMENT_TARGET = 3.0;
				OTHER_LDFLAGS = (
					"-lkarakuri-iphone-Debug",
					"-framework",
					Foundation,
					"-framework",
					UIKit,
					"-framework",
					OpenAL,
					"-framework",
					AudioToolbox,
					"-framework",
					OpenGLES,
					"-framework",
					CoreGraphics,
					"-framework",
					QuartzCore,
					"-framework",
					AVFoundation,
					"-framework",
					GameKit,
				);
				PREBINDING = NO;
				PRODUCT_NAME = "___PROJECTNAME___";
				SDKROOT = iphonesimulator3.2;
				TARGETED_DEVICE_FAMILY = "1,2";
			};
			name = Debug;
		};
		8ECE9A3E101034D500F32CF7 /* Release */ = {
			isa = XCBuildConfiguration;
			buildSettings = {
				ALWAYS_SEARCH_USER_PATHS = NO;
				CODE_SIGN_ENTITLEMENTS = Entitlements.plist;
				COPY_PHASE_STRIP = YES;
				DEBUG_INFORMATION_FORMAT = "dwarf-with-dsym";
				GCC_ENABLE_FIX_AND_CONTINUE = NO;
				GCC_VERSION = 4.2;
				INFOPLIST_FILE = "iPhone-Info.plist";
				INSTALL_PATH = "$(HOME)/Applications";
				OTHER_LDFLAGS = (
					"-lkarakuri-iphone-Release",
					"-framework",
					Foundation,
					"-framework",
					UIKit,
					"-framework",
					OpenAL,
					"-framework",
					AudioToolbox,
					"-framework",
					OpenGLES,
					"-framework",
					CoreGraphics,
					"-framework",
					QuartzCore,
					"-framework",
					AVFoundation,
					"-framework",
					GameKit,
				);
				PREBINDING = NO;
				PRODUCT_NAME = "___PROJECTNAME___";
				SDKROOT = iphonesimulator3.2;
				TARGETED_DEVICE_FAMILY = "1,2";
				ZERO_LINK = NO;
			};
			name = Release;
		};
		C01FCF4B08A954540054247B /* Debug */ = {
			isa = XCBuildConfiguration;
			buildSettings = {
				ALWAYS_SEARCH_USER_PATHS = NO;
				COPY_PHASE_STRIP = NO;
				GCC_DYNAMIC_NO_PIC = NO;
				GCC_ENABLE_FIX_AND_CONTINUE = YES;
				GCC_MODEL_TUNING = G5;
				GCC_OPTIMIZATION_LEVEL = 0;
				GCC_VERSION = 4.2;
				INFOPLIST_FILE = "MacOSX-Info.plist";
				INSTALL_PATH = "$(HOME)/Applications";
				OTHER_LDFLAGS = (
					"-lkarakuri-macosx-Debug",
					"-framework",
					OpenGL,
					"-framework",
					QuartzCore,
					"-framework",
					Foundation,
					"-framework",
					AppKit,
					"-framework",
					OpenAL,
					"-framework",
					AudioToolbox,
				);
				PRODUCT_NAME = "___PROJECTNAME___";
				SDKROOT = macosx10.5;
			};
			name = Debug;
		};
		C01FCF4C08A954540054247B /* Release */ = {
			isa = XCBuildConfiguration;
			buildSettings = {
				ALWAYS_SEARCH_USER_PATHS = NO;
				DEBUG_INFORMATION_FORMAT = "dwarf-with-dsym";
				GCC_MODEL_TUNING = G5;
				GCC_VERSION = 4.2;
				INFOPLIST_FILE = "MacOSX-Info.plist";
				INSTALL_PATH = "$(HOME)/Applications";
				OTHER_LDFLAGS = (
					"-lkarakuri-macosx-Release",
					"-framework",
					OpenGL,
					"-framework",
					QuartzCore,
					"-framework",
					Foundation,
					"-framework",
					AppKit,
					"-framework",
					OpenAL,
					"-framework",
					AudioToolbox,
				);
				PRODUCT_NAME = "___PROJECTNAME___";
				SDKROOT = macosx10.5;
			};
			name = Release;
		};
		C01FCF4F08A954540054247B /* Debug */ = {
			isa = XCBuildConfiguration;
			buildSettings = {
				ARCHS = "$(ARCHS_STANDARD_32_BIT)";
				GCC_C_LANGUAGE_STANDARD = c99;
				GCC_OPTIMIZATION_LEVEL = 0;
				GCC_PRECOMPILE_PREFIX_HEADER = YES;
				GCC_PREFIX_HEADER = Karakuri_Prefix.pch;
				GCC_PREPROCESSOR_DEFINITIONS = "_DEBUG=1";
				GCC_VERSION = 4.0;
				GCC_WARN_ABOUT_RETURN_TYPE = YES;
				GCC_WARN_UNUSED_VARIABLE = YES;
				HEADER_SEARCH_PATHS = /Developer/Extras/Karakuri/include;
				LIBRARY_SEARCH_PATHS = /Developer/Extras/Karakuri/lib;
				ONLY_ACTIVE_ARCH = YES;
				OTHER_CPLUSPLUSFLAGS = (
					"$(OTHER_CFLAGS)",
					"-fvisibility=hidden",
				);
				PREBINDING = NO;
				SDKROOT = macosx10.5;
			};
			name = Debug;
		};
		C01FCF5008A954540054247B /* Release */ = {
			isa = XCBuildConfiguration;
			buildSettings = {
				ARCHS = "$(ARCHS_STANDARD_32_BIT)";
				GCC_C_LANGUAGE_STANDARD = c99;
				GCC_PRECOMPILE_PREFIX_HEADER = YES;
				GCC_PREFIX_HEADER = Karakuri_Prefix.pch;
				GCC_VERSION = 4.0;
				GCC_WARN_ABOUT_RETURN_TYPE = YES;
				GCC_WARN_UNUSED_VARIABLE = YES;
				HEADER_SEARCH_PATHS = /Developer/Extras/Karakuri/include;
				LIBRARY_SEARCH_PATHS = /Developer/Extras/Karakuri/lib;
				OTHER_CPLUSPLUSFLAGS = (
					"$(OTHER_CFLAGS)",
					"-fvisibility=hidden",
				);
				PREBINDING = NO;
				SDKROOT = macosx10.5;
			};
			name = Release;
		};
/* End XCBuildConfiguration section */

/* Begin XCConfigurationList section */
		8EA66035102A252600F7081C /* Build configuration list for PBXNativeTarget "iOS (Emulator)" */ = {
			isa = XCConfigurationList;
			buildConfigurations = (
				8EA66036102A252600F7081C /* Debug */,
				8EA66037102A252600F7081C /* Release */,
			);
			defaultConfigurationIsVisible = 0;
			defaultConfigurationName = Release;
		};
		8ECE9A3F101034D600F32CF7 /* Build configuration list for PBXNativeTarget "iOS" */ = {
			isa = XCConfigurationList;
			buildConfigurations = (
				8ECE9A3D101034D500F32CF7 /* Debug */,
				8ECE9A3E101034D500F32CF7 /* Release */,
			);
			defaultConfigurationIsVisible = 0;
			defaultConfigurationName = Release;
		};
		C01FCF4A08A954540054247B /* Build configuration list for PBXNativeTarget "Mac OS X" */ = {
			isa = XCConfigurationList;
			buildConfigurations = (
				C01FCF4B08A954540054247B /* Debug */,
				C01FCF4C08A954540054247B /* Release */,
			);
			defaultConfigurationIsVisible = 0;
			defaultConfigurationName = Release;
		};
		C01FCF4E08A954540054247B /* Build configuration list for PBXProject "___PROJECTNAME___" */ = {
			isa = XCConfigurationList;
			buildConfigurations = (
				C01FCF4F08A954540054247B /* Debug */,
				C01FCF5008A954540054247B /* Release */,
			);
			defaultConfigurationIsVisible = 0;
			defaultConfigurationName = Release;
		};
/* End XCConfigurationList section */
	};
	rootObject = 29B97313FDCFA39411CA2CEA /* Project object */;
}
