// !$*UTF8*$!
{
	archiveVersion = 1;
	classes = {
	};
	objectVersion = 45;
	objects = {

/* Begin PBXBuildFile section */
		1DDD582D0DA1D0D100B32029 /* MainMenu.xib in Resources */ = {isa = PBXBuildFile; fileRef = 1DDD582A0DA1D0D100B32029 /* MainMenu.xib */; };
		8D15AC2C0486D014006FF6A4 /* Credits.rtf in Resources */ = {isa = PBXBuildFile; fileRef = 2A37F4B9FDCFA73011CA2CEA /* Credits.rtf */; };
		8D15AC2F0486D014006FF6A4 /* InfoPlist.strings in Resources */ = {isa = PBXBuildFile; fileRef = 089C165FFE840EACC02AAC07 /* InfoPlist.strings */; };
		8D15AC320486D014006FF6A4 /* main.m in Sources */ = {isa = PBXBuildFile; fileRef = 2A37F4B0FDCFA73011CA2CEA /* main.m */; settings = {ATTRIBUTES = (); }; };
		8D15AC340486D014006FF6A4 /* Cocoa.framework in Frameworks */ = {isa = PBXBuildFile; fileRef = 1058C7A7FEA54F5311CA2CBB /* Cocoa.framework */; };
		8E0D74271144A35000D4FEBF /* BXChara2DMotion.mm in Sources */ = {isa = PBXBuildFile; fileRef = 8E0D74261144A35000D4FEBF /* BXChara2DMotion.mm */; };
		8E207CBF114622E000FA6B59 /* BXResourceFileManager.mm in Sources */ = {isa = PBXBuildFile; fileRef = 8E207CBE114622E000FA6B59 /* BXResourceFileManager.mm */; };
		8E207DD0114637E200FA6B59 /* BXChara2DAtlasView.mm in Sources */ = {isa = PBXBuildFile; fileRef = 8E207DCF114637E200FA6B59 /* BXChara2DAtlasView.mm */; };
		8E207E931146550B00FA6B59 /* NSImage+BXEx.mm in Sources */ = {isa = PBXBuildFile; fileRef = 8E207E921146550B00FA6B59 /* NSImage+BXEx.mm */; };
		8E207F201146772E00FA6B59 /* BXGlobals.mm in Sources */ = {isa = PBXBuildFile; fileRef = 8E207F1F1146772E00FA6B59 /* BXGlobals.mm */; };
		8E4EE2811248BBF900F778C7 /* noimage.png in Resources */ = {isa = PBXBuildFile; fileRef = 8E4EE2801248BBF900F778C7 /* noimage.png */; };
		8E62A58A113AE053005DC90E /* BXDocument.mm in Sources */ = {isa = PBXBuildFile; fileRef = 8E62A55D113AE053005DC90E /* BXDocument.mm */; };
		8E62A58B113AE053005DC90E /* BXOpenGLView.mm in Sources */ = {isa = PBXBuildFile; fileRef = 8E62A55F113AE053005DC90E /* BXOpenGLView.mm */; };
		8E62A58C113AE053005DC90E /* BXParticle2DSimulatorView.mm in Sources */ = {isa = PBXBuildFile; fileRef = 8E62A561113AE053005DC90E /* BXParticle2DSimulatorView.mm */; };
		8E62A58D113AE053005DC90E /* BXResourceElement.mm in Sources */ = {isa = PBXBuildFile; fileRef = 8E62A564113AE053005DC90E /* BXResourceElement.mm */; };
		8E62A58E113AE053005DC90E /* BXResourceGroup.mm in Sources */ = {isa = PBXBuildFile; fileRef = 8E62A566113AE053005DC90E /* BXResourceGroup.mm */; };
		8E62A58F113AE053005DC90E /* BXChara2DSpec.mm in Sources */ = {isa = PBXBuildFile; fileRef = 8E62A568113AE053005DC90E /* BXChara2DSpec.mm */; };
		8E62A590113AE053005DC90E /* BXParticle2DSpec.mm in Sources */ = {isa = PBXBuildFile; fileRef = 8E62A56A113AE053005DC90E /* BXParticle2DSpec.mm */; };
		8E62A591113AE053005DC90E /* KarakuriTypes.cpp in Sources */ = {isa = PBXBuildFile; fileRef = 8E62A56E113AE053005DC90E /* KarakuriTypes.cpp */; };
		8E62A592113AE053005DC90E /* KarakuriGlobals.cpp in Sources */ = {isa = PBXBuildFile; fileRef = 8E62A570113AE053005DC90E /* KarakuriGlobals.cpp */; };
		8E62A593113AE053005DC90E /* KarakuriFunctions.mm in Sources */ = {isa = PBXBuildFile; fileRef = 8E62A572113AE053005DC90E /* KarakuriFunctions.mm */; };
		8E62A594113AE053005DC90E /* KRRandom.cpp in Sources */ = {isa = PBXBuildFile; fileRef = 8E62A574113AE053005DC90E /* KRRandom.cpp */; };
		8E62A595113AE053005DC90E /* KarakuriString.cpp in Sources */ = {isa = PBXBuildFile; fileRef = 8E62A576113AE053005DC90E /* KarakuriString.cpp */; };
		8E62A596113AE053005DC90E /* KRGraphics.mm in Sources */ = {isa = PBXBuildFile; fileRef = 8E62A578113AE053005DC90E /* KRGraphics.mm */; };
		8E62A597113AE053005DC90E /* KRColor.mm in Sources */ = {isa = PBXBuildFile; fileRef = 8E62A57B113AE053005DC90E /* KRColor.mm */; };
		8E62A598113AE053005DC90E /* KRTexture2DLoader.mm in Sources */ = {isa = PBXBuildFile; fileRef = 8E62A57C113AE053005DC90E /* KRTexture2DLoader.mm */; };
		8E62A599113AE053005DC90E /* KRTexture2D.mm in Sources */ = {isa = PBXBuildFile; fileRef = 8E62A57E113AE053005DC90E /* KRTexture2D.mm */; };
		8E62A59A113AE053005DC90E /* KRPNGLoader.mm in Sources */ = {isa = PBXBuildFile; fileRef = 8E62A581113AE053005DC90E /* KRPNGLoader.mm */; };
		8E62A59B113AE053005DC90E /* KRParticle2DSystem.mm in Sources */ = {isa = PBXBuildFile; fileRef = 8E62A584113AE053005DC90E /* KRParticle2DSystem.mm */; };
		8E62A59C113AE053005DC90E /* SZSplitView.m in Sources */ = {isa = PBXBuildFile; fileRef = 8E62A587113AE053005DC90E /* SZSplitView.m */; };
		8E62A59D113AE053005DC90E /* SZStatusBarBackgroundView.m in Sources */ = {isa = PBXBuildFile; fileRef = 8E62A589113AE053005DC90E /* SZStatusBarBackgroundView.m */; };
		8E62A5B1113AE082005DC90E /* divider_back_horizontal.png in Resources */ = {isa = PBXBuildFile; fileRef = 8E62A5A7113AE082005DC90E /* divider_back_horizontal.png */; };
		8E62A5B2113AE082005DC90E /* divider_back.png in Resources */ = {isa = PBXBuildFile; fileRef = 8E62A5A8113AE082005DC90E /* divider_back.png */; };
		8E62A5B3113AE082005DC90E /* divider_dip_horizontal.png in Resources */ = {isa = PBXBuildFile; fileRef = 8E62A5A9113AE082005DC90E /* divider_dip_horizontal.png */; };
		8E62A5B4113AE082005DC90E /* divider_dip.png in Resources */ = {isa = PBXBuildFile; fileRef = 8E62A5AA113AE082005DC90E /* divider_dip.png */; };
		8E62A5B6113AE08F005DC90E /* Localizable.strings in Resources */ = {isa = PBXBuildFile; fileRef = 8E62A5B5113AE08F005DC90E /* Localizable.strings */; };
		8E62A5B9113AE0BE005DC90E /* BXDocument.xib in Resources */ = {isa = PBXBuildFile; fileRef = 8E62A5B7113AE0BE005DC90E /* BXDocument.xib */; };
		8E62A5CB113AE18A005DC90E /* OpenGL.framework in Frameworks */ = {isa = PBXBuildFile; fileRef = 8E62A5CA113AE18A005DC90E /* OpenGL.framework */; };
		8E72004D1247E896000B8B0E /* BXTexture2DAtlas.mm in Sources */ = {isa = PBXBuildFile; fileRef = 8E72004C1247E896000B8B0E /* BXTexture2DAtlas.mm */; };
		8E72FC281247A009000B8B0E /* BXTexture2DSpec.mm in Sources */ = {isa = PBXBuildFile; fileRef = 8E72FC271247A009000B8B0E /* BXTexture2DSpec.mm */; };
		8E72FCE41247A8A5000B8B0E /* BXTexture2DPreviewView.mm in Sources */ = {isa = PBXBuildFile; fileRef = 8E72FCE31247A8A5000B8B0E /* BXTexture2DPreviewView.mm */; };
		8E848159114F0FC70068D47F /* NSString+UUID.m in Sources */ = {isa = PBXBuildFile; fileRef = 8E848157114F0FC70068D47F /* NSString+UUID.m */; };
		8E84827F1150D1F80068D47F /* NSFileHandle+BXExport.m in Sources */ = {isa = PBXBuildFile; fileRef = 8E84827E1150D1F80068D47F /* NSFileHandle+BXExport.m */; };
		8E84ADBA11489B4B00438868 /* transparent_pattern.png in Resources */ = {isa = PBXBuildFile; fileRef = 8E84ADB911489B4B00438868 /* transparent_pattern.png */; };
		8EA495DD1146AEF5002BEBA8 /* BXChara2DKoma.mm in Sources */ = {isa = PBXBuildFile; fileRef = 8EA495DC1146AEF5002BEBA8 /* BXChara2DKoma.mm */; };
		8EA497151146CD0A002BEBA8 /* NSMutableArray+Moving.mm in Sources */ = {isa = PBXBuildFile; fileRef = 8EA497141146CD0A002BEBA8 /* NSMutableArray+Moving.mm */; };
		8EA497E71146DC01002BEBA8 /* BXChara2DKomaCell.mm in Sources */ = {isa = PBXBuildFile; fileRef = 8EA497E61146DC01002BEBA8 /* BXChara2DKomaCell.mm */; };
		8EA4985C1146EE38002BEBA8 /* BXChara2DKomaListView.mm in Sources */ = {isa = PBXBuildFile; fileRef = 8EA4985B1146EE38002BEBA8 /* BXChara2DKomaListView.mm */; };
		8EA498951146F598002BEBA8 /* BXChara2DKomaPreviewView.mm in Sources */ = {isa = PBXBuildFile; fileRef = 8EA498941146F598002BEBA8 /* BXChara2DKomaPreviewView.mm */; };
		8EA499701147608A002BEBA8 /* BXAppController.mm in Sources */ = {isa = PBXBuildFile; fileRef = 8EA4996F1147608A002BEBA8 /* BXAppController.mm */; };
		8EA49CC91147B6DD002BEBA8 /* NSDictionary+LoadSave.mm in Sources */ = {isa = PBXBuildFile; fileRef = 8EA49CC81147B6DD002BEBA8 /* NSDictionary+LoadSave.mm */; };
		8EA4A1F8114802DE002BEBA8 /* BXChara2DSimulatorView.mm in Sources */ = {isa = PBXBuildFile; fileRef = 8EA4A1F7114802DE002BEBA8 /* BXChara2DSimulatorView.mm */; };
		8EA4A31F11481107002BEBA8 /* NSImage+CGImageConversion.mm in Sources */ = {isa = PBXBuildFile; fileRef = 8EA4A31E11481107002BEBA8 /* NSImage+CGImageConversion.mm */; };
		8EAB6186114CDC2100C2CBC5 /* BXResourceListView.mm in Sources */ = {isa = PBXBuildFile; fileRef = 8EAB6185114CDC2100C2CBC5 /* BXResourceListView.mm */; };
		8EAB6288114CEDC700C2CBC5 /* tbi_particle2d.tiff in Resources */ = {isa = PBXBuildFile; fileRef = 8EAB6287114CEDC700C2CBC5 /* tbi_particle2d.tiff */; };
		8EAB62AF114CF9A100C2CBC5 /* tbi_chara2d.tiff in Resources */ = {isa = PBXBuildFile; fileRef = 8EAB62AE114CF9A100C2CBC5 /* tbi_chara2d.tiff */; };
		8EB79ABA1249A18F00011388 /* tbi_tex2d.tiff in Resources */ = {isa = PBXBuildFile; fileRef = 8EB79AB91249A18F00011388 /* tbi_tex2d.tiff */; };
		8ED0E21011ED39B800A7553A /* krbox-icon.icns in Resources */ = {isa = PBXBuildFile; fileRef = 8ED0E20F11ED39B800A7553A /* krbox-icon.icns */; };
		8ED0E5FA12495C9E002E902E /* BXTexture2DAtlasListView.mm in Sources */ = {isa = PBXBuildFile; fileRef = 8ED0E5F912495C9E002E902E /* BXTexture2DAtlasListView.mm */; };
		8ED752A3113B8E2B004E78EB /* BXBGMResource.mm in Sources */ = {isa = PBXBuildFile; fileRef = 8ED752A2113B8E2B004E78EB /* BXBGMResource.mm */; };
		8ED752A6113B8E49004E78EB /* BXSEResource.mm in Sources */ = {isa = PBXBuildFile; fileRef = 8ED752A5113B8E49004E78EB /* BXSEResource.mm */; };
		8ED752AC113B8F3F004E78EB /* BXBackgroundSpec.mm in Sources */ = {isa = PBXBuildFile; fileRef = 8ED752AB113B8F3F004E78EB /* BXBackgroundSpec.mm */; };
		8ED752FC113B9635004E78EB /* BXStageSpec.mm in Sources */ = {isa = PBXBuildFile; fileRef = 8ED752FB113B9635004E78EB /* BXStageSpec.mm */; };
		8EE2F661115E46BE0041C1DE /* UserDefaults.plist in Resources */ = {isa = PBXBuildFile; fileRef = 8EE2F660115E46BE0041C1DE /* UserDefaults.plist */; };
/* End PBXBuildFile section */

/* Begin PBXFileReference section */
		089C1660FE840EACC02AAC07 /* English */ = {isa = PBXFileReference; fileEncoding = 4; lastKnownFileType = text.plist.strings; name = English; path = English.lproj/InfoPlist.strings; sourceTree = "<group>"; };
		1058C7A7FEA54F5311CA2CBB /* Cocoa.framework */ = {isa = PBXFileReference; lastKnownFileType = wrapper.framework; name = Cocoa.framework; path = /System/Library/Frameworks/Cocoa.framework; sourceTree = "<absolute>"; };
		13E42FBA07B3F13500E4EEF1 /* CoreData.framework */ = {isa = PBXFileReference; lastKnownFileType = wrapper.framework; name = CoreData.framework; path = /System/Library/Frameworks/CoreData.framework; sourceTree = "<absolute>"; };
		1DDD582B0DA1D0D100B32029 /* English */ = {isa = PBXFileReference; lastKnownFileType = file.xib; name = English; path = English.lproj/MainMenu.xib; sourceTree = "<group>"; };
		2564AD2C0F5327BB00F57823 /* Karakuri_Box_Prefix.pch */ = {isa = PBXFileReference; fileEncoding = 4; lastKnownFileType = sourcecode.c.h; path = Karakuri_Box_Prefix.pch; sourceTree = "<group>"; };
		2A37F4B0FDCFA73011CA2CEA /* main.m */ = {isa = PBXFileReference; fileEncoding = 4; lastKnownFileType = sourcecode.c.objc; path = main.m; sourceTree = "<group>"; };
		2A37F4BAFDCFA73011CA2CEA /* English */ = {isa = PBXFileReference; lastKnownFileType = text.rtf; name = English; path = English.lproj/Credits.rtf; sourceTree = "<group>"; };
		2A37F4C4FDCFA73011CA2CEA /* AppKit.framework */ = {isa = PBXFileReference; lastKnownFileType = wrapper.framework; name = AppKit.framework; path = /System/Library/Frameworks/AppKit.framework; sourceTree = "<absolute>"; };
		2A37F4C5FDCFA73011CA2CEA /* Foundation.framework */ = {isa = PBXFileReference; lastKnownFileType = wrapper.framework; name = Foundation.framework; path = /System/Library/Frameworks/Foundation.framework; sourceTree = "<absolute>"; };
		8D15AC360486D014006FF6A4 /* Karakuri_Box-Info.plist */ = {isa = PBXFileReference; fileEncoding = 4; lastKnownFileType = text.plist.xml; path = "Karakuri_Box-Info.plist"; sourceTree = "<group>"; };
		8D15AC370486D014006FF6A4 /* Karakuri Box.app */ = {isa = PBXFileReference; explicitFileType = wrapper.application; includeInIndex = 0; path = "Karakuri Box.app"; sourceTree = BUILT_PRODUCTS_DIR; };
		8E0D74251144A35000D4FEBF /* BXChara2DMotion.h */ = {isa = PBXFileReference; fileEncoding = 4; lastKnownFileType = sourcecode.c.h; path = BXChara2DMotion.h; sourceTree = "<group>"; };
		8E0D74261144A35000D4FEBF /* BXChara2DMotion.mm */ = {isa = PBXFileReference; fileEncoding = 4; lastKnownFileType = sourcecode.cpp.objcpp; path = BXChara2DMotion.mm; sourceTree = "<group>"; };
		8E207CBD114622E000FA6B59 /* BXResourceFileManager.h */ = {isa = PBXFileReference; fileEncoding = 4; lastKnownFileType = sourcecode.c.h; path = BXResourceFileManager.h; sourceTree = "<group>"; };
		8E207CBE114622E000FA6B59 /* BXResourceFileManager.mm */ = {isa = PBXFileReference; fileEncoding = 4; lastKnownFileType = sourcecode.cpp.objcpp; path = BXResourceFileManager.mm; sourceTree = "<group>"; };
		8E207DCE114637E200FA6B59 /* BXChara2DAtlasView.h */ = {isa = PBXFileReference; fileEncoding = 4; lastKnownFileType = sourcecode.c.h; path = BXChara2DAtlasView.h; sourceTree = "<group>"; };
		8E207DCF114637E200FA6B59 /* BXChara2DAtlasView.mm */ = {isa = PBXFileReference; fileEncoding = 4; lastKnownFileType = sourcecode.cpp.objcpp; path = BXChara2DAtlasView.mm; sourceTree = "<group>"; };
		8E207E911146550B00FA6B59 /* NSImage+BXEx.h */ = {isa = PBXFileReference; fileEncoding = 4; lastKnownFileType = sourcecode.c.h; path = "NSImage+BXEx.h"; sourceTree = "<group>"; };
		8E207E921146550B00FA6B59 /* NSImage+BXEx.mm */ = {isa = PBXFileReference; fileEncoding = 4; lastKnownFileType = sourcecode.cpp.objcpp; path = "NSImage+BXEx.mm"; sourceTree = "<group>"; };
		8E207F1E1146772E00FA6B59 /* BXGlobals.h */ = {isa = PBXFileReference; fileEncoding = 4; lastKnownFileType = sourcecode.c.h; path = BXGlobals.h; sourceTree = "<group>"; };
		8E207F1F1146772E00FA6B59 /* BXGlobals.mm */ = {isa = PBXFileReference; fileEncoding = 4; lastKnownFileType = sourcecode.cpp.objcpp; path = BXGlobals.mm; sourceTree = "<group>"; };
		8E4EE2801248BBF900F778C7 /* noimage.png */ = {isa = PBXFileReference; lastKnownFileType = image.png; path = noimage.png; sourceTree = "<group>"; };
		8E62A55C113AE053005DC90E /* BXDocument.h */ = {isa = PBXFileReference; fileEncoding = 4; lastKnownFileType = sourcecode.c.h; path = BXDocument.h; sourceTree = "<group>"; };
		8E62A55D113AE053005DC90E /* BXDocument.mm */ = {isa = PBXFileReference; fileEncoding = 4; lastKnownFileType = sourcecode.cpp.objcpp; path = BXDocument.mm; sourceTree = "<group>"; };
		8E62A55E113AE053005DC90E /* BXOpenGLView.h */ = {isa = PBXFileReference; fileEncoding = 4; lastKnownFileType = sourcecode.c.h; path = BXOpenGLView.h; sourceTree = "<group>"; };
		8E62A55F113AE053005DC90E /* BXOpenGLView.mm */ = {isa = PBXFileReference; fileEncoding = 4; lastKnownFileType = sourcecode.cpp.objcpp; path = BXOpenGLView.mm; sourceTree = "<group>"; };
		8E62A560113AE053005DC90E /* BXParticle2DSimulatorView.h */ = {isa = PBXFileReference; fileEncoding = 4; lastKnownFileType = sourcecode.c.h; path = BXParticle2DSimulatorView.h; sourceTree = "<group>"; };
		8E62A561113AE053005DC90E /* BXParticle2DSimulatorView.mm */ = {isa = PBXFileReference; fileEncoding = 4; lastKnownFileType = sourcecode.cpp.objcpp; path = BXParticle2DSimulatorView.mm; sourceTree = "<group>"; };
		8E62A563113AE053005DC90E /* BXResourceElement.h */ = {isa = PBXFileReference; fileEncoding = 4; lastKnownFileType = sourcecode.c.h; path = BXResourceElement.h; sourceTree = "<group>"; };
		8E62A564113AE053005DC90E /* BXResourceElement.mm */ = {isa = PBXFileReference; fileEncoding = 4; lastKnownFileType = sourcecode.cpp.objcpp; path = BXResourceElement.mm; sourceTree = "<group>"; };
		8E62A565113AE053005DC90E /* BXResourceGroup.h */ = {isa = PBXFileReference; fileEncoding = 4; lastKnownFileType = sourcecode.c.h; path = BXResourceGroup.h; sourceTree = "<group>"; };
		8E62A566113AE053005DC90E /* BXResourceGroup.mm */ = {isa = PBXFileReference; fileEncoding = 4; lastKnownFileType = sourcecode.cpp.objcpp; path = BXResourceGroup.mm; sourceTree = "<group>"; };
		8E62A567113AE053005DC90E /* BXChara2DSpec.h */ = {isa = PBXFileReference; fileEncoding = 4; lastKnownFileType = sourcecode.c.h; path = BXChara2DSpec.h; sourceTree = "<group>"; };
		8E62A568113AE053005DC90E /* BXChara2DSpec.mm */ = {isa = PBXFileReference; fileEncoding = 4; lastKnownFileType = sourcecode.cpp.objcpp; path = BXChara2DSpec.mm; sourceTree = "<group>"; };
		8E62A569113AE053005DC90E /* BXParticle2DSpec.h */ = {isa = PBXFileReference; fileEncoding = 4; lastKnownFileType = sourcecode.c.h; path = BXParticle2DSpec.h; sourceTree = "<group>"; };
		8E62A56A113AE053005DC90E /* BXParticle2DSpec.mm */ = {isa = PBXFileReference; fileEncoding = 4; lastKnownFileType = sourcecode.cpp.objcpp; path = BXParticle2DSpec.mm; sourceTree = "<group>"; };
		8E62A56D113AE053005DC90E /* KarakuriTypes.h */ = {isa = PBXFileReference; fileEncoding = 4; lastKnownFileType = sourcecode.c.h; path = KarakuriTypes.h; sourceTree = "<group>"; };
		8E62A56E113AE053005DC90E /* KarakuriTypes.cpp */ = {isa = PBXFileReference; fileEncoding = 4; lastKnownFileType = sourcecode.cpp.cpp; path = KarakuriTypes.cpp; sourceTree = "<group>"; };
		8E62A56F113AE053005DC90E /* KarakuriGlobals.h */ = {isa = PBXFileReference; fileEncoding = 4; lastKnownFileType = sourcecode.c.h; path = KarakuriGlobals.h; sourceTree = "<group>"; };
		8E62A570113AE053005DC90E /* KarakuriGlobals.cpp */ = {isa = PBXFileReference; fileEncoding = 4; lastKnownFileType = sourcecode.cpp.cpp; path = KarakuriGlobals.cpp; sourceTree = "<group>"; };
		8E62A571113AE053005DC90E /* KarakuriFunctions.h */ = {isa = PBXFileReference; fileEncoding = 4; lastKnownFileType = sourcecode.c.h; path = KarakuriFunctions.h; sourceTree = "<group>"; };
		8E62A572113AE053005DC90E /* KarakuriFunctions.mm */ = {isa = PBXFileReference; fileEncoding = 4; lastKnownFileType = sourcecode.cpp.objcpp; path = KarakuriFunctions.mm; sourceTree = "<group>"; };
		8E62A573113AE053005DC90E /* KRRandom.h */ = {isa = PBXFileReference; fileEncoding = 4; lastKnownFileType = sourcecode.c.h; path = KRRandom.h; sourceTree = "<group>"; };
		8E62A574113AE053005DC90E /* KRRandom.cpp */ = {isa = PBXFileReference; fileEncoding = 4; lastKnownFileType = sourcecode.cpp.cpp; path = KRRandom.cpp; sourceTree = "<group>"; };
		8E62A575113AE053005DC90E /* KarakuriString.h */ = {isa = PBXFileReference; fileEncoding = 4; lastKnownFileType = sourcecode.c.h; path = KarakuriString.h; sourceTree = "<group>"; };
		8E62A576113AE053005DC90E /* KarakuriString.cpp */ = {isa = PBXFileReference; fileEncoding = 4; lastKnownFileType = sourcecode.cpp.cpp; path = KarakuriString.cpp; sourceTree = "<group>"; };
		8E62A577113AE053005DC90E /* KRGraphics.h */ = {isa = PBXFileReference; fileEncoding = 4; lastKnownFileType = sourcecode.c.h; path = KRGraphics.h; sourceTree = "<group>"; };
		8E62A578113AE053005DC90E /* KRGraphics.mm */ = {isa = PBXFileReference; fileEncoding = 4; lastKnownFileType = sourcecode.cpp.objcpp; path = KRGraphics.mm; sourceTree = "<group>"; };
		8E62A57A113AE053005DC90E /* KRColor.h */ = {isa = PBXFileReference; fileEncoding = 4; lastKnownFileType = sourcecode.c.h; path = KRColor.h; sourceTree = "<group>"; };
		8E62A57B113AE053005DC90E /* KRColor.mm */ = {isa = PBXFileReference; fileEncoding = 4; lastKnownFileType = sourcecode.cpp.objcpp; path = KRColor.mm; sourceTree = "<group>"; };
		8E62A57C113AE053005DC90E /* KRTexture2DLoader.mm */ = {isa = PBXFileReference; fileEncoding = 4; lastKnownFileType = sourcecode.cpp.objcpp; path = KRTexture2DLoader.mm; sourceTree = "<group>"; };
		8E62A57D113AE053005DC90E /* KRTexture2D.h */ = {isa = PBXFileReference; fileEncoding = 4; lastKnownFileType = sourcecode.c.h; path = KRTexture2D.h; sourceTree = "<group>"; };
		8E62A57E113AE053005DC90E /* KRTexture2D.mm */ = {isa = PBXFileReference; fileEncoding = 4; lastKnownFileType = sourcecode.cpp.objcpp; path = KRTexture2D.mm; sourceTree = "<group>"; };
		8E62A57F113AE053005DC90E /* KRTexture2DLoader.h */ = {isa = PBXFileReference; fileEncoding = 4; lastKnownFileType = sourcecode.c.h; path = KRTexture2DLoader.h; sourceTree = "<group>"; };
		8E62A580113AE053005DC90E /* KRPNGLoader.h */ = {isa = PBXFileReference; fileEncoding = 4; lastKnownFileType = sourcecode.c.h; path = KRPNGLoader.h; sourceTree = "<group>"; };
		8E62A581113AE053005DC90E /* KRPNGLoader.mm */ = {isa = PBXFileReference; fileEncoding = 4; lastKnownFileType = sourcecode.cpp.objcpp; path = KRPNGLoader.mm; sourceTree = "<group>"; };
		8E62A583113AE053005DC90E /* KRParticle2DSystem.h */ = {isa = PBXFileReference; fileEncoding = 4; lastKnownFileType = sourcecode.c.h; path = KRParticle2DSystem.h; sourceTree = "<group>"; };
		8E62A584113AE053005DC90E /* KRParticle2DSystem.mm */ = {isa = PBXFileReference; fileEncoding = 4; lastKnownFileType = sourcecode.cpp.objcpp; path = KRParticle2DSystem.mm; sourceTree = "<group>"; };
		8E62A586113AE053005DC90E /* SZSplitView.h */ = {isa = PBXFileReference; fileEncoding = 4; lastKnownFileType = sourcecode.c.h; path = SZSplitView.h; sourceTree = "<group>"; };
		8E62A587113AE053005DC90E /* SZSplitView.m */ = {isa = PBXFileReference; fileEncoding = 4; lastKnownFileType = sourcecode.c.objc; path = SZSplitView.m; sourceTree = "<group>"; };
		8E62A588113AE053005DC90E /* SZStatusBarBackgroundView.h */ = {isa = PBXFileReference; fileEncoding = 4; lastKnownFileType = sourcecode.c.h; path = SZStatusBarBackgroundView.h; sourceTree = "<group>"; };
		8E62A589113AE053005DC90E /* SZStatusBarBackgroundView.m */ = {isa = PBXFileReference; fileEncoding = 4; lastKnownFileType = sourcecode.c.objc; path = SZStatusBarBackgroundView.m; sourceTree = "<group>"; };
		8E62A5A7113AE082005DC90E /* divider_back_horizontal.png */ = {isa = PBXFileReference; lastKnownFileType = image.png; path = divider_back_horizontal.png; sourceTree = "<group>"; };
		8E62A5A8113AE082005DC90E /* divider_back.png */ = {isa = PBXFileReference; lastKnownFileType = image.png; path = divider_back.png; sourceTree = "<group>"; };
		8E62A5A9113AE082005DC90E /* divider_dip_horizontal.png */ = {isa = PBXFileReference; lastKnownFileType = image.png; path = divider_dip_horizontal.png; sourceTree = "<group>"; };
		8E62A5AA113AE082005DC90E /* divider_dip.png */ = {isa = PBXFileReference; lastKnownFileType = image.png; path = divider_dip.png; sourceTree = "<group>"; };
		8E62A5B5113AE08F005DC90E /* Localizable.strings */ = {isa = PBXFileReference; fileEncoding = 10; lastKnownFileType = text.plist.strings; path = Localizable.strings; sourceTree = "<group>"; };
		8E62A5B8113AE0BE005DC90E /* English */ = {isa = PBXFileReference; lastKnownFileType = file.xib; name = English; path = English.lproj/BXDocument.xib; sourceTree = "<group>"; };
		8E62A5CA113AE18A005DC90E /* OpenGL.framework */ = {isa = PBXFileReference; lastKnownFileType = wrapper.framework; name = OpenGL.framework; path = System/Library/Frameworks/OpenGL.framework; sourceTree = SDKROOT; };
		8E72004B1247E896000B8B0E /* BXTexture2DAtlas.h */ = {isa = PBXFileReference; fileEncoding = 4; lastKnownFileType = sourcecode.c.h; path = BXTexture2DAtlas.h; sourceTree = "<group>"; };
		8E72004C1247E896000B8B0E /* BXTexture2DAtlas.mm */ = {isa = PBXFileReference; fileEncoding = 4; lastKnownFileType = sourcecode.cpp.objcpp; path = BXTexture2DAtlas.mm; sourceTree = "<group>"; };
		8E72FC261247A009000B8B0E /* BXTexture2DSpec.h */ = {isa = PBXFileReference; fileEncoding = 4; lastKnownFileType = sourcecode.c.h; path = BXTexture2DSpec.h; sourceTree = "<group>"; };
		8E72FC271247A009000B8B0E /* BXTexture2DSpec.mm */ = {isa = PBXFileReference; fileEncoding = 4; lastKnownFileType = sourcecode.cpp.objcpp; path = BXTexture2DSpec.mm; sourceTree = "<group>"; };
		8E72FCE21247A8A5000B8B0E /* BXTexture2DPreviewView.h */ = {isa = PBXFileReference; fileEncoding = 4; lastKnownFileType = sourcecode.c.h; path = BXTexture2DPreviewView.h; sourceTree = "<group>"; };
		8E72FCE31247A8A5000B8B0E /* BXTexture2DPreviewView.mm */ = {isa = PBXFileReference; fileEncoding = 4; lastKnownFileType = sourcecode.cpp.objcpp; path = BXTexture2DPreviewView.mm; sourceTree = "<group>"; };
		8E848157114F0FC70068D47F /* NSString+UUID.m */ = {isa = PBXFileReference; fileEncoding = 4; lastKnownFileType = sourcecode.c.objc; path = "NSString+UUID.m"; sourceTree = "<group>"; };
		8E848158114F0FC70068D47F /* NSString+UUID.h */ = {isa = PBXFileReference; fileEncoding = 4; lastKnownFileType = sourcecode.c.h; path = "NSString+UUID.h"; sourceTree = "<group>"; };
		8E84827D1150D1F80068D47F /* NSFileHandle+BXExport.h */ = {isa = PBXFileReference; fileEncoding = 4; lastKnownFileType = sourcecode.c.h; path = "NSFileHandle+BXExport.h"; sourceTree = "<group>"; };
		8E84827E1150D1F80068D47F /* NSFileHandle+BXExport.m */ = {isa = PBXFileReference; fileEncoding = 4; lastKnownFileType = sourcecode.c.objc; path = "NSFileHandle+BXExport.m"; sourceTree = "<group>"; };
		8E84ADB911489B4B00438868 /* transparent_pattern.png */ = {isa = PBXFileReference; lastKnownFileType = image.png; path = transparent_pattern.png; sourceTree = "<group>"; };
		8EA495DB1146AEF5002BEBA8 /* BXChara2DKoma.h */ = {isa = PBXFileReference; fileEncoding = 4; lastKnownFileType = sourcecode.c.h; path = BXChara2DKoma.h; sourceTree = "<group>"; };
		8EA495DC1146AEF5002BEBA8 /* BXChara2DKoma.mm */ = {isa = PBXFileReference; fileEncoding = 4; lastKnownFileType = sourcecode.cpp.objcpp; path = BXChara2DKoma.mm; sourceTree = "<group>"; };
		8EA497131146CD0A002BEBA8 /* NSMutableArray+Moving.h */ = {isa = PBXFileReference; fileEncoding = 4; lastKnownFileType = sourcecode.c.h; path = "NSMutableArray+Moving.h"; sourceTree = "<group>"; };
		8EA497141146CD0A002BEBA8 /* NSMutableArray+Moving.mm */ = {isa = PBXFileReference; fileEncoding = 4; lastKnownFileType = sourcecode.cpp.objcpp; path = "NSMutableArray+Moving.mm"; sourceTree = "<group>"; };
		8EA497E51146DC01002BEBA8 /* BXChara2DKomaCell.h */ = {isa = PBXFileReference; fileEncoding = 4; lastKnownFileType = sourcecode.c.h; path = BXChara2DKomaCell.h; sourceTree = "<group>"; };
		8EA497E61146DC01002BEBA8 /* BXChara2DKomaCell.mm */ = {isa = PBXFileReference; fileEncoding = 4; lastKnownFileType = sourcecode.cpp.objcpp; path = BXChara2DKomaCell.mm; sourceTree = "<group>"; };
		8EA4985A1146EE38002BEBA8 /* BXChara2DKomaListView.h */ = {isa = PBXFileReference; fileEncoding = 4; lastKnownFileType = sourcecode.c.h; path = BXChara2DKomaListView.h; sourceTree = "<group>"; };
		8EA4985B1146EE38002BEBA8 /* BXChara2DKomaListView.mm */ = {isa = PBXFileReference; fileEncoding = 4; lastKnownFileType = sourcecode.cpp.objcpp; path = BXChara2DKomaListView.mm; sourceTree = "<group>"; };
		8EA498931146F598002BEBA8 /* BXChara2DKomaPreviewView.h */ = {isa = PBXFileReference; fileEncoding = 4; lastKnownFileType = sourcecode.c.h; path = BXChara2DKomaPreviewView.h; sourceTree = "<group>"; };
		8EA498941146F598002BEBA8 /* BXChara2DKomaPreviewView.mm */ = {isa = PBXFileReference; fileEncoding = 4; lastKnownFileType = sourcecode.cpp.objcpp; path = BXChara2DKomaPreviewView.mm; sourceTree = "<group>"; };
		8EA4996E1147608A002BEBA8 /* BXAppController.h */ = {isa = PBXFileReference; fileEncoding = 4; lastKnownFileType = sourcecode.c.h; path = BXAppController.h; sourceTree = "<group>"; };
		8EA4996F1147608A002BEBA8 /* BXAppController.mm */ = {isa = PBXFileReference; fileEncoding = 4; lastKnownFileType = sourcecode.cpp.objcpp; path = BXAppController.mm; sourceTree = "<group>"; };
		8EA49CC71147B6DD002BEBA8 /* NSDictionary+LoadSave.h */ = {isa = PBXFileReference; fileEncoding = 4; lastKnownFileType = sourcecode.c.h; path = "NSDictionary+LoadSave.h"; sourceTree = "<group>"; };
		8EA49CC81147B6DD002BEBA8 /* NSDictionary+LoadSave.mm */ = {isa = PBXFileReference; fileEncoding = 4; lastKnownFileType = sourcecode.cpp.objcpp; path = "NSDictionary+LoadSave.mm"; sourceTree = "<group>"; };
		8EA4A1F6114802DE002BEBA8 /* BXChara2DSimulatorView.h */ = {isa = PBXFileReference; fileEncoding = 4; lastKnownFileType = sourcecode.c.h; path = BXChara2DSimulatorView.h; sourceTree = "<group>"; };
		8EA4A1F7114802DE002BEBA8 /* BXChara2DSimulatorView.mm */ = {isa = PBXFileReference; fileEncoding = 4; lastKnownFileType = sourcecode.cpp.objcpp; path = BXChara2DSimulatorView.mm; sourceTree = "<group>"; };
		8EA4A31D11481107002BEBA8 /* NSImage+CGImageConversion.h */ = {isa = PBXFileReference; fileEncoding = 4; lastKnownFileType = sourcecode.c.h; path = "NSImage+CGImageConversion.h"; sourceTree = "<group>"; };
		8EA4A31E11481107002BEBA8 /* NSImage+CGImageConversion.mm */ = {isa = PBXFileReference; fileEncoding = 4; lastKnownFileType = sourcecode.cpp.objcpp; path = "NSImage+CGImageConversion.mm"; sourceTree = "<group>"; };
		8EAB6184114CDC2100C2CBC5 /* BXResourceListView.h */ = {isa = PBXFileReference; fileEncoding = 4; lastKnownFileType = sourcecode.c.h; path = BXResourceListView.h; sourceTree = "<group>"; };
		8EAB6185114CDC2100C2CBC5 /* BXResourceListView.mm */ = {isa = PBXFileReference; fileEncoding = 4; lastKnownFileType = sourcecode.cpp.objcpp; path = BXResourceListView.mm; sourceTree = "<group>"; };
		8EAB6287114CEDC700C2CBC5 /* tbi_particle2d.tiff */ = {isa = PBXFileReference; lastKnownFileType = image.tiff; path = tbi_particle2d.tiff; sourceTree = "<group>"; };
		8EAB62AE114CF9A100C2CBC5 /* tbi_chara2d.tiff */ = {isa = PBXFileReference; lastKnownFileType = image.tiff; path = tbi_chara2d.tiff; sourceTree = "<group>"; };
		8EB79AB91249A18F00011388 /* tbi_tex2d.tiff */ = {isa = PBXFileReference; lastKnownFileType = image.tiff; path = tbi_tex2d.tiff; sourceTree = "<group>"; };
		8ED0E20F11ED39B800A7553A /* krbox-icon.icns */ = {isa = PBXFileReference; lastKnownFileType = image.icns; path = "krbox-icon.icns"; sourceTree = "<group>"; };
		8ED0E5F812495C9E002E902E /* BXTexture2DAtlasListView.h */ = {isa = PBXFileReference; fileEncoding = 4; lastKnownFileType = sourcecode.c.h; path = BXTexture2DAtlasListView.h; sourceTree = "<group>"; };
		8ED0E5F912495C9E002E902E /* BXTexture2DAtlasListView.mm */ = {isa = PBXFileReference; fileEncoding = 4; lastKnownFileType = sourcecode.cpp.objcpp; path = BXTexture2DAtlasListView.mm; sourceTree = "<group>"; };
		8ED752A1113B8E2B004E78EB /* BXBGMResource.h */ = {isa = PBXFileReference; fileEncoding = 4; lastKnownFileType = sourcecode.c.h; path = BXBGMResource.h; sourceTree = "<group>"; };
		8ED752A2113B8E2B004E78EB /* BXBGMResource.mm */ = {isa = PBXFileReference; fileEncoding = 4; lastKnownFileType = sourcecode.cpp.objcpp; path = BXBGMResource.mm; sourceTree = "<group>"; };
		8ED752A4113B8E49004E78EB /* BXSEResource.h */ = {isa = PBXFileReference; fileEncoding = 4; lastKnownFileType = sourcecode.c.h; path = BXSEResource.h; sourceTree = "<group>"; };
		8ED752A5113B8E49004E78EB /* BXSEResource.mm */ = {isa = PBXFileReference; fileEncoding = 4; lastKnownFileType = sourcecode.cpp.objcpp; path = BXSEResource.mm; sourceTree = "<group>"; };
		8ED752AA113B8F3F004E78EB /* BXBackgroundSpec.h */ = {isa = PBXFileReference; fileEncoding = 4; lastKnownFileType = sourcecode.c.h; path = BXBackgroundSpec.h; sourceTree = "<group>"; };
		8ED752AB113B8F3F004E78EB /* BXBackgroundSpec.mm */ = {isa = PBXFileReference; fileEncoding = 4; lastKnownFileType = sourcecode.cpp.objcpp; path = BXBackgroundSpec.mm; sourceTree = "<group>"; };
		8ED752FA113B9635004E78EB /* BXStageSpec.h */ = {isa = PBXFileReference; fileEncoding = 4; lastKnownFileType = sourcecode.c.h; path = BXStageSpec.h; sourceTree = "<group>"; };
		8ED752FB113B9635004E78EB /* BXStageSpec.mm */ = {isa = PBXFileReference; fileEncoding = 4; lastKnownFileType = sourcecode.cpp.objcpp; path = BXStageSpec.mm; sourceTree = "<group>"; };
		8EE2F660115E46BE0041C1DE /* UserDefaults.plist */ = {isa = PBXFileReference; fileEncoding = 4; lastKnownFileType = text.plist.xml; path = UserDefaults.plist; sourceTree = "<group>"; };
/* End PBXFileReference section */

/* Begin PBXFrameworksBuildPhase section */
		8D15AC330486D014006FF6A4 /* Frameworks */ = {
			isa = PBXFrameworksBuildPhase;
			buildActionMask = 2147483647;
			files = (
				8D15AC340486D014006FF6A4 /* Cocoa.framework in Frameworks */,
				8E62A5CB113AE18A005DC90E /* OpenGL.framework in Frameworks */,
			);
			runOnlyForDeploymentPostprocessing = 0;
		};
/* End PBXFrameworksBuildPhase section */

/* Begin PBXGroup section */
		1058C7A6FEA54F5311CA2CBB /* Linked Frameworks */ = {
			isa = PBXGroup;
			children = (
				1058C7A7FEA54F5311CA2CBB /* Cocoa.framework */,
			);
			name = "Linked Frameworks";
			sourceTree = "<group>";
		};
		1058C7A8FEA54F5311CA2CBB /* Other Frameworks */ = {
			isa = PBXGroup;
			children = (
				2A37F4C4FDCFA73011CA2CEA /* AppKit.framework */,
				13E42FBA07B3F13500E4EEF1 /* CoreData.framework */,
				2A37F4C5FDCFA73011CA2CEA /* Foundation.framework */,
			);
			name = "Other Frameworks";
			sourceTree = "<group>";
		};
		19C28FB0FE9D524F11CA2CBB /* Products */ = {
			isa = PBXGroup;
			children = (
				8D15AC370486D014006FF6A4 /* Karakuri Box.app */,
			);
			name = Products;
			sourceTree = "<group>";
		};
		2A37F4AAFDCFA73011CA2CEA /* Karakuri Box */ = {
			isa = PBXGroup;
			children = (
				2A37F4ABFDCFA73011CA2CEA /* source */,
				2A37F4B8FDCFA73011CA2CEA /* resource */,
				8E8A4118114A3DCC004C96A6 /* settings */,
				8E8A413A114A3E63004C96A6 /* other source */,
				2A37F4C3FDCFA73011CA2CEA /* Frameworks */,
				19C28FB0FE9D524F11CA2CBB /* Products */,
			);
			name = "Karakuri Box";
			sourceTree = "<group>";
		};
		2A37F4ABFDCFA73011CA2CEA /* source */ = {
			isa = PBXGroup;
			children = (
				8E207F1E1146772E00FA6B59 /* BXGlobals.h */,
				8E207F1F1146772E00FA6B59 /* BXGlobals.mm */,
				8EA4996E1147608A002BEBA8 /* BXAppController.h */,
				8EA4996F1147608A002BEBA8 /* BXAppController.mm */,
				8E62A55C113AE053005DC90E /* BXDocument.h */,
				8E62A55D113AE053005DC90E /* BXDocument.mm */,
				8E62A562113AE053005DC90E /* Resource */,
				8E62A56B113AE053005DC90E /* Karakuri */,
				8E62A585113AE053005DC90E /* Cocoa Ex */,
			);
			path = source;
			sourceTree = "<group>";
		};
		2A37F4B8FDCFA73011CA2CEA /* resource */ = {
			isa = PBXGroup;
			children = (
				8E62A59E113AE082005DC90E /* Images */,
				8E62A5BE113AE111005DC90E /* Strings */,
				8E62A5BA113AE0C3005DC90E /* XIBs */,
			);
			path = resource;
			sourceTree = "<group>";
		};
		2A37F4C3FDCFA73011CA2CEA /* Frameworks */ = {
			isa = PBXGroup;
			children = (
				8E62A5CA113AE18A005DC90E /* OpenGL.framework */,
				1058C7A6FEA54F5311CA2CBB /* Linked Frameworks */,
				1058C7A8FEA54F5311CA2CBB /* Other Frameworks */,
			);
			name = Frameworks;
			sourceTree = "<group>";
		};
		8E2AEDDB113AE35A00D32EFE /* Base */ = {
			isa = PBXGroup;
			children = (
				8E207CBD114622E000FA6B59 /* BXResourceFileManager.h */,
				8E207CBE114622E000FA6B59 /* BXResourceFileManager.mm */,
				8E62A563113AE053005DC90E /* BXResourceElement.h */,
				8E62A564113AE053005DC90E /* BXResourceElement.mm */,
				8E62A565113AE053005DC90E /* BXResourceGroup.h */,
				8E62A566113AE053005DC90E /* BXResourceGroup.mm */,
				8E62A55E113AE053005DC90E /* BXOpenGLView.h */,
				8E62A55F113AE053005DC90E /* BXOpenGLView.mm */,
				8EAB6184114CDC2100C2CBC5 /* BXResourceListView.h */,
				8EAB6185114CDC2100C2CBC5 /* BXResourceListView.mm */,
			);
			name = Base;
			sourceTree = "<group>";
		};
		8E2AEDDC113AE36400D32EFE /* Chara2D */ = {
			isa = PBXGroup;
			children = (
				8E62A567113AE053005DC90E /* BXChara2DSpec.h */,
				8E62A568113AE053005DC90E /* BXChara2DSpec.mm */,
				8E0D74251144A35000D4FEBF /* BXChara2DMotion.h */,
				8E0D74261144A35000D4FEBF /* BXChara2DMotion.mm */,
				8EA495DB1146AEF5002BEBA8 /* BXChara2DKoma.h */,
				8EA495DC1146AEF5002BEBA8 /* BXChara2DKoma.mm */,
				8E207DCE114637E200FA6B59 /* BXChara2DAtlasView.h */,
				8E207DCF114637E200FA6B59 /* BXChara2DAtlasView.mm */,
				8EA497E51146DC01002BEBA8 /* BXChara2DKomaCell.h */,
				8EA497E61146DC01002BEBA8 /* BXChara2DKomaCell.mm */,
				8EA4985A1146EE38002BEBA8 /* BXChara2DKomaListView.h */,
				8EA4985B1146EE38002BEBA8 /* BXChara2DKomaListView.mm */,
				8EA498931146F598002BEBA8 /* BXChara2DKomaPreviewView.h */,
				8EA498941146F598002BEBA8 /* BXChara2DKomaPreviewView.mm */,
				8EA4A1F6114802DE002BEBA8 /* BXChara2DSimulatorView.h */,
				8EA4A1F7114802DE002BEBA8 /* BXChara2DSimulatorView.mm */,
			);
			name = Chara2D;
			sourceTree = "<group>";
		};
		8E2AEDDD113AE36E00D32EFE /* Particle2D */ = {
			isa = PBXGroup;
			children = (
				8E62A569113AE053005DC90E /* BXParticle2DSpec.h */,
				8E62A56A113AE053005DC90E /* BXParticle2DSpec.mm */,
				8E62A560113AE053005DC90E /* BXParticle2DSimulatorView.h */,
				8E62A561113AE053005DC90E /* BXParticle2DSimulatorView.mm */,
			);
			name = Particle2D;
			sourceTree = "<group>";
		};
		8E62A562113AE053005DC90E /* Resource */ = {
			isa = PBXGroup;
			children = (
				8E2AEDDB113AE35A00D32EFE /* Base */,
				8ED752A9113B8EB2004E78EB /* Background */,
				8E72FC2512479FE8000B8B0E /* Tex2D */,
				8E2AEDDC113AE36400D32EFE /* Chara2D */,
				8E2AEDDD113AE36E00D32EFE /* Particle2D */,
				8ED7529F113B8DE7004E78EB /* BGM */,
				8ED752A0113B8DF3004E78EB /* SE */,
				8ED752A8113B8E93004E78EB /* Stage */,
			);
			name = Resource;
			sourceTree = "<group>";
		};
		8E62A56B113AE053005DC90E /* Karakuri */ = {
			isa = PBXGroup;
			children = (
				8E62A56C113AE053005DC90E /* Base */,
				8E62A579113AE053005DC90E /* Texture */,
				8E62A582113AE053005DC90E /* Particle2D */,
			);
			name = Karakuri;
			sourceTree = "<group>";
		};
		8E62A56C113AE053005DC90E /* Base */ = {
			isa = PBXGroup;
			children = (
				8E62A56D113AE053005DC90E /* KarakuriTypes.h */,
				8E62A56E113AE053005DC90E /* KarakuriTypes.cpp */,
				8E62A56F113AE053005DC90E /* KarakuriGlobals.h */,
				8E62A570113AE053005DC90E /* KarakuriGlobals.cpp */,
				8E62A571113AE053005DC90E /* KarakuriFunctions.h */,
				8E62A572113AE053005DC90E /* KarakuriFunctions.mm */,
				8E62A573113AE053005DC90E /* KRRandom.h */,
				8E62A574113AE053005DC90E /* KRRandom.cpp */,
				8E62A575113AE053005DC90E /* KarakuriString.h */,
				8E62A576113AE053005DC90E /* KarakuriString.cpp */,
				8E62A577113AE053005DC90E /* KRGraphics.h */,
				8E62A578113AE053005DC90E /* KRGraphics.mm */,
			);
			name = Base;
			sourceTree = "<group>";
		};
		8E62A579113AE053005DC90E /* Texture */ = {
			isa = PBXGroup;
			children = (
				8E62A57A113AE053005DC90E /* KRColor.h */,
				8E62A57B113AE053005DC90E /* KRColor.mm */,
				8E62A57D113AE053005DC90E /* KRTexture2D.h */,
				8E62A57E113AE053005DC90E /* KRTexture2D.mm */,
				8E62A57F113AE053005DC90E /* KRTexture2DLoader.h */,
				8E62A57C113AE053005DC90E /* KRTexture2DLoader.mm */,
				8E62A580113AE053005DC90E /* KRPNGLoader.h */,
				8E62A581113AE053005DC90E /* KRPNGLoader.mm */,
			);
			name = Texture;
			sourceTree = "<group>";
		};
		8E62A582113AE053005DC90E /* Particle2D */ = {
			isa = PBXGroup;
			children = (
				8E62A583113AE053005DC90E /* KRParticle2DSystem.h */,
				8E62A584113AE053005DC90E /* KRParticle2DSystem.mm */,
			);
			name = Particle2D;
			sourceTree = "<group>";
		};
		8E62A585113AE053005DC90E /* Cocoa Ex */ = {
			isa = PBXGroup;
			children = (
				8EA49CC71147B6DD002BEBA8 /* NSDictionary+LoadSave.h */,
				8EA49CC81147B6DD002BEBA8 /* NSDictionary+LoadSave.mm */,
				8E84827D1150D1F80068D47F /* NSFileHandle+BXExport.h */,
				8E84827E1150D1F80068D47F /* NSFileHandle+BXExport.m */,
				8E207E911146550B00FA6B59 /* NSImage+BXEx.h */,
				8E207E921146550B00FA6B59 /* NSImage+BXEx.mm */,
				8EA4A31D11481107002BEBA8 /* NSImage+CGImageConversion.h */,
				8EA4A31E11481107002BEBA8 /* NSImage+CGImageConversion.mm */,
				8EA497131146CD0A002BEBA8 /* NSMutableArray+Moving.h */,
				8EA497141146CD0A002BEBA8 /* NSMutableArray+Moving.mm */,
				8E848158114F0FC70068D47F /* NSString+UUID.h */,
				8E848157114F0FC70068D47F /* NSString+UUID.m */,
				8E62A586113AE053005DC90E /* SZSplitView.h */,
				8E62A587113AE053005DC90E /* SZSplitView.m */,
				8E62A588113AE053005DC90E /* SZStatusBarBackgroundView.h */,
				8E62A589113AE053005DC90E /* SZStatusBarBackgroundView.m */,
			);
			name = "Cocoa Ex";
			sourceTree = "<group>";
		};
		8E62A59E113AE082005DC90E /* Images */ = {
			isa = PBXGroup;
			children = (
				8ED0E20F11ED39B800A7553A /* krbox-icon.icns */,
				8E4EE2801248BBF900F778C7 /* noimage.png */,
				8EB79AB91249A18F00011388 /* tbi_tex2d.tiff */,
				8EAB62AE114CF9A100C2CBC5 /* tbi_chara2d.tiff */,
				8EAB6287114CEDC700C2CBC5 /* tbi_particle2d.tiff */,
				8E84ADB911489B4B00438868 /* transparent_pattern.png */,
				8E62A5A6113AE082005DC90E /* SZSplitView */,
			);
			name = Images;
			sourceTree = "<group>";
		};
		8E62A5A6113AE082005DC90E /* SZSplitView */ = {
			isa = PBXGroup;
			children = (
				8E62A5A7113AE082005DC90E /* divider_back_horizontal.png */,
				8E62A5A8113AE082005DC90E /* divider_back.png */,
				8E62A5A9113AE082005DC90E /* divider_dip_horizontal.png */,
				8E62A5AA113AE082005DC90E /* divider_dip.png */,
			);
			name = SZSplitView;
			sourceTree = "<group>";
		};
		8E62A5BA113AE0C3005DC90E /* XIBs */ = {
			isa = PBXGroup;
			children = (
				1DDD582A0DA1D0D100B32029 /* MainMenu.xib */,
				8E62A5B7113AE0BE005DC90E /* BXDocument.xib */,
			);
			name = XIBs;
			sourceTree = "<group>";
		};
		8E62A5BE113AE111005DC90E /* Strings */ = {
			isa = PBXGroup;
			children = (
				2A37F4B9FDCFA73011CA2CEA /* Credits.rtf */,
				8E62A5B5113AE08F005DC90E /* Localizable.strings */,
				089C165FFE840EACC02AAC07 /* InfoPlist.strings */,
				8EE2F660115E46BE0041C1DE /* UserDefaults.plist */,
			);
			name = Strings;
			sourceTree = "<group>";
		};
		8E72FC2512479FE8000B8B0E /* Tex2D */ = {
			isa = PBXGroup;
			children = (
				8E72FC261247A009000B8B0E /* BXTexture2DSpec.h */,
				8E72FC271247A009000B8B0E /* BXTexture2DSpec.mm */,
				8E72FCE21247A8A5000B8B0E /* BXTexture2DPreviewView.h */,
				8E72FCE31247A8A5000B8B0E /* BXTexture2DPreviewView.mm */,
				8E72004B1247E896000B8B0E /* BXTexture2DAtlas.h */,
				8E72004C1247E896000B8B0E /* BXTexture2DAtlas.mm */,
				8ED0E5F812495C9E002E902E /* BXTexture2DAtlasListView.h */,
				8ED0E5F912495C9E002E902E /* BXTexture2DAtlasListView.mm */,
			);
			name = Tex2D;
			sourceTree = "<group>";
		};
		8E8A4118114A3DCC004C96A6 /* settings */ = {
			isa = PBXGroup;
			children = (
				8D15AC360486D014006FF6A4 /* Karakuri_Box-Info.plist */,
			);
			name = settings;
			sourceTree = "<group>";
		};
		8E8A413A114A3E63004C96A6 /* other source */ = {
			isa = PBXGroup;
			children = (
				2A37F4B0FDCFA73011CA2CEA /* main.m */,
				2564AD2C0F5327BB00F57823 /* Karakuri_Box_Prefix.pch */,
			);
			name = "other source";
			sourceTree = "<group>";
		};
		8ED7529F113B8DE7004E78EB /* BGM */ = {
			isa = PBXGroup;
			children = (
				8ED752A1113B8E2B004E78EB /* BXBGMResource.h */,
				8ED752A2113B8E2B004E78EB /* BXBGMResource.mm */,
			);
			name = BGM;
			sourceTree = "<group>";
		};
		8ED752A0113B8DF3004E78EB /* SE */ = {
			isa = PBXGroup;
			children = (
				8ED752A4113B8E49004E78EB /* BXSEResource.h */,
				8ED752A5113B8E49004E78EB /* BXSEResource.mm */,
			);
			name = SE;
			sourceTree = "<group>";
		};
		8ED752A8113B8E93004E78EB /* Stage */ = {
			isa = PBXGroup;
			children = (
				8ED752FA113B9635004E78EB /* BXStageSpec.h */,
				8ED752FB113B9635004E78EB /* BXStageSpec.mm */,
			);
			name = Stage;
			sourceTree = "<group>";
		};
		8ED752A9113B8EB2004E78EB /* Background */ = {
			isa = PBXGroup;
			children = (
				8ED752AA113B8F3F004E78EB /* BXBackgroundSpec.h */,
				8ED752AB113B8F3F004E78EB /* BXBackgroundSpec.mm */,
			);
			name = Background;
			sourceTree = "<group>";
		};
/* End PBXGroup section */

/* Begin PBXNativeTarget section */
		8D15AC270486D014006FF6A4 /* Karakuri Box */ = {
			isa = PBXNativeTarget;
			buildConfigurationList = C05733C708A9546B00998B17 /* Build configuration list for PBXNativeTarget "Karakuri Box" */;
			buildPhases = (
				8D15AC2B0486D014006FF6A4 /* Resources */,
				8D15AC300486D014006FF6A4 /* Sources */,
				8D15AC330486D014006FF6A4 /* Frameworks */,
			);
			buildRules = (
			);
			dependencies = (
			);
			name = "Karakuri Box";
			productInstallPath = "$(HOME)/Applications";
			productName = "Karakuri Box";
			productReference = 8D15AC370486D014006FF6A4 /* Karakuri Box.app */;
			productType = "com.apple.product-type.application";
		};
/* End PBXNativeTarget section */

/* Begin PBXProject section */
		2A37F4A9FDCFA73011CA2CEA /* Project object */ = {
			isa = PBXProject;
			buildConfigurationList = C05733CB08A9546B00998B17 /* Build configuration list for PBXProject "Karakuri Box" */;
			compatibilityVersion = "Xcode 3.1";
			developmentRegion = English;
			hasScannedForEncodings = 1;
			knownRegions = (
				English,
				Japanese,
				French,
				German,
			);
			mainGroup = 2A37F4AAFDCFA73011CA2CEA /* Karakuri Box */;
			projectDirPath = "";
			projectRoot = "";
			targets = (
				8D15AC270486D014006FF6A4 /* Karakuri Box */,
			);
		};
/* End PBXProject section */

/* Begin PBXResourcesBuildPhase section */
		8D15AC2B0486D014006FF6A4 /* Resources */ = {
			isa = PBXResourcesBuildPhase;
			buildActionMask = 2147483647;
			files = (
				8D15AC2C0486D014006FF6A4 /* Credits.rtf in Resources */,
				8D15AC2F0486D014006FF6A4 /* InfoPlist.strings in Resources */,
				1DDD582D0DA1D0D100B32029 /* MainMenu.xib in Resources */,
				8E62A5B1113AE082005DC90E /* divider_back_horizontal.png in Resources */,
				8E62A5B2113AE082005DC90E /* divider_back.png in Resources */,
				8E62A5B3113AE082005DC90E /* divider_dip_horizontal.png in Resources */,
				8E62A5B4113AE082005DC90E /* divider_dip.png in Resources */,
				8E62A5B6113AE08F005DC90E /* Localizable.strings in Resources */,
				8E62A5B9113AE0BE005DC90E /* BXDocument.xib in Resources */,
				8E84ADBA11489B4B00438868 /* transparent_pattern.png in Resources */,
				8EAB6288114CEDC700C2CBC5 /* tbi_particle2d.tiff in Resources */,
				8EAB62AF114CF9A100C2CBC5 /* tbi_chara2d.tiff in Resources */,
				8EE2F661115E46BE0041C1DE /* UserDefaults.plist in Resources */,
				8ED0E21011ED39B800A7553A /* krbox-icon.icns in Resources */,
				8E4EE2811248BBF900F778C7 /* noimage.png in Resources */,
				8EB79ABA1249A18F00011388 /* tbi_tex2d.tiff in Resources */,
			);
			runOnlyForDeploymentPostprocessing = 0;
		};
/* End PBXResourcesBuildPhase section */

/* Begin PBXSourcesBuildPhase section */
		8D15AC300486D014006FF6A4 /* Sources */ = {
			isa = PBXSourcesBuildPhase;
			buildActionMask = 2147483647;
			files = (
				8D15AC320486D014006FF6A4 /* main.m in Sources */,
				8E62A58A113AE053005DC90E /* BXDocument.mm in Sources */,
				8E62A58B113AE053005DC90E /* BXOpenGLView.mm in Sources */,
				8E62A58C113AE053005DC90E /* BXParticle2DSimulatorView.mm in Sources */,
				8E62A58D113AE053005DC90E /* BXResourceElement.mm in Sources */,
				8E62A58E113AE053005DC90E /* BXResourceGroup.mm in Sources */,
				8E62A58F113AE053005DC90E /* BXChara2DSpec.mm in Sources */,
				8E62A590113AE053005DC90E /* BXParticle2DSpec.mm in Sources */,
				8E62A591113AE053005DC90E /* KarakuriTypes.cpp in Sources */,
				8E62A592113AE053005DC90E /* KarakuriGlobals.cpp in Sources */,
				8E62A593113AE053005DC90E /* KarakuriFunctions.mm in Sources */,
				8E62A594113AE053005DC90E /* KRRandom.cpp in Sources */,
				8E62A595113AE053005DC90E /* KarakuriString.cpp in Sources */,
				8E62A596113AE053005DC90E /* KRGraphics.mm in Sources */,
				8E62A597113AE053005DC90E /* KRColor.mm in Sources */,
				8E62A598113AE053005DC90E /* KRTexture2DLoader.mm in Sources */,
				8E62A599113AE053005DC90E /* KRTexture2D.mm in Sources */,
				8E62A59A113AE053005DC90E /* KRPNGLoader.mm in Sources */,
				8E62A59B113AE053005DC90E /* KRParticle2DSystem.mm in Sources */,
				8E62A59C113AE053005DC90E /* SZSplitView.m in Sources */,
				8E62A59D113AE053005DC90E /* SZStatusBarBackgroundView.m in Sources */,
				8ED752A3113B8E2B004E78EB /* BXBGMResource.mm in Sources */,
				8ED752A6113B8E49004E78EB /* BXSEResource.mm in Sources */,
				8ED752AC113B8F3F004E78EB /* BXBackgroundSpec.mm in Sources */,
				8ED752FC113B9635004E78EB /* BXStageSpec.mm in Sources */,
				8E0D74271144A35000D4FEBF /* BXChara2DMotion.mm in Sources */,
				8E207CBF114622E000FA6B59 /* BXResourceFileManager.mm in Sources */,
				8E207DD0114637E200FA6B59 /* BXChara2DAtlasView.mm in Sources */,
				8E207E931146550B00FA6B59 /* NSImage+BXEx.mm in Sources */,
				8E207F201146772E00FA6B59 /* BXGlobals.mm in Sources */,
				8EA495DD1146AEF5002BEBA8 /* BXChara2DKoma.mm in Sources */,
				8EA497151146CD0A002BEBA8 /* NSMutableArray+Moving.mm in Sources */,
				8EA497E71146DC01002BEBA8 /* BXChara2DKomaCell.mm in Sources */,
				8EA4985C1146EE38002BEBA8 /* BXChara2DKomaListView.mm in Sources */,
				8EA498951146F598002BEBA8 /* BXChara2DKomaPreviewView.mm in Sources */,
				8EA499701147608A002BEBA8 /* BXAppController.mm in Sources */,
				8EA49CC91147B6DD002BEBA8 /* NSDictionary+LoadSave.mm in Sources */,
				8EA4A1F8114802DE002BEBA8 /* BXChara2DSimulatorView.mm in Sources */,
				8EA4A31F11481107002BEBA8 /* NSImage+CGImageConversion.mm in Sources */,
				8EAB6186114CDC2100C2CBC5 /* BXResourceListView.mm in Sources */,
				8E848159114F0FC70068D47F /* NSString+UUID.m in Sources */,
				8E84827F1150D1F80068D47F /* NSFileHandle+BXExport.m in Sources */,
				8E72FC281247A009000B8B0E /* BXTexture2DSpec.mm in Sources */,
				8E72FCE41247A8A5000B8B0E /* BXTexture2DPreviewView.mm in Sources */,
				8E72004D1247E896000B8B0E /* BXTexture2DAtlas.mm in Sources */,
				8ED0E5FA12495C9E002E902E /* BXTexture2DAtlasListView.mm in Sources */,
			);
			runOnlyForDeploymentPostprocessing = 0;
		};
/* End PBXSourcesBuildPhase section */

/* Begin PBXVariantGroup section */
		089C165FFE840EACC02AAC07 /* InfoPlist.strings */ = {
			isa = PBXVariantGroup;
			children = (
				089C1660FE840EACC02AAC07 /* English */,
			);
			name = InfoPlist.strings;
			sourceTree = "<group>";
		};
		1DDD582A0DA1D0D100B32029 /* MainMenu.xib */ = {
			isa = PBXVariantGroup;
			children = (
				1DDD582B0DA1D0D100B32029 /* English */,
			);
			name = MainMenu.xib;
			sourceTree = "<group>";
		};
		2A37F4B9FDCFA73011CA2CEA /* Credits.rtf */ = {
			isa = PBXVariantGroup;
			children = (
				2A37F4BAFDCFA73011CA2CEA /* English */,
			);
			name = Credits.rtf;
			sourceTree = "<group>";
		};
		8E62A5B7113AE0BE005DC90E /* BXDocument.xib */ = {
			isa = PBXVariantGroup;
			children = (
				8E62A5B8113AE0BE005DC90E /* English */,
			);
			name = BXDocument.xib;
			sourceTree = "<group>";
		};
/* End PBXVariantGroup section */

/* Begin XCBuildConfiguration section */
		C05733C808A9546B00998B17 /* Debug */ = {
			isa = XCBuildConfiguration;
			buildSettings = {
				ALWAYS_SEARCH_USER_PATHS = NO;
				COPY_PHASE_STRIP = NO;
				GCC_DYNAMIC_NO_PIC = NO;
				GCC_ENABLE_FIX_AND_CONTINUE = YES;
				GCC_MODEL_TUNING = G5;
				GCC_OPTIMIZATION_LEVEL = 0;
				GCC_PRECOMPILE_PREFIX_HEADER = YES;
				GCC_PREFIX_HEADER = Karakuri_Box_Prefix.pch;
				INFOPLIST_FILE = "Karakuri_Box-Info.plist";
				INSTALL_PATH = "$(HOME)/Applications";
				PRODUCT_NAME = "Karakuri Box";
			};
			name = Debug;
		};
		C05733C908A9546B00998B17 /* Release */ = {
			isa = XCBuildConfiguration;
			buildSettings = {
				ALWAYS_SEARCH_USER_PATHS = NO;
				DEBUG_INFORMATION_FORMAT = "dwarf-with-dsym";
				GCC_MODEL_TUNING = G5;
				GCC_PRECOMPILE_PREFIX_HEADER = YES;
				GCC_PREFIX_HEADER = Karakuri_Box_Prefix.pch;
				INFOPLIST_FILE = "Karakuri_Box-Info.plist";
				INSTALL_PATH = "$(HOME)/Applications";
				PRODUCT_NAME = "Karakuri Box";
			};
			name = Release;
		};
		C05733CC08A9546B00998B17 /* Debug */ = {
			isa = XCBuildConfiguration;
			buildSettings = {
				ARCHS = "$(ARCHS_STANDARD_32_BIT)";
				GCC_C_LANGUAGE_STANDARD = gnu99;
				GCC_OPTIMIZATION_LEVEL = 0;
				GCC_VERSION = 4.0;
				GCC_WARN_ABOUT_RETURN_TYPE = YES;
				GCC_WARN_UNUSED_VARIABLE = YES;
				ONLY_ACTIVE_ARCH = YES;
				PREBINDING = NO;
				SDKROOT = macosx10.4;
			};
			name = Debug;
		};
		C05733CD08A9546B00998B17 /* Release */ = {
			isa = XCBuildConfiguration;
			buildSettings = {
				ARCHS = "$(ARCHS_STANDARD_32_BIT)";
				GCC_C_LANGUAGE_STANDARD = gnu99;
				GCC_VERSION = 4.0;
				GCC_WARN_ABOUT_RETURN_TYPE = YES;
				GCC_WARN_UNUSED_VARIABLE = YES;
				PREBINDING = NO;
				SDKROOT = macosx10.4;
			};
			name = Release;
		};
/* End XCBuildConfiguration section */

/* Begin XCConfigurationList section */
		C05733C708A9546B00998B17 /* Build configuration list for PBXNativeTarget "Karakuri Box" */ = {
			isa = XCConfigurationList;
			buildConfigurations = (
				C05733C808A9546B00998B17 /* Debug */,
				C05733C908A9546B00998B17 /* Release */,
			);
			defaultConfigurationIsVisible = 0;
			defaultConfigurationName = Release;
		};
		C05733CB08A9546B00998B17 /* Build configuration list for PBXProject "Karakuri Box" */ = {
			isa = XCConfigurationList;
			buildConfigurations = (
				C05733CC08A9546B00998B17 /* Debug */,
				C05733CD08A9546B00998B17 /* Release */,
			);
			defaultConfigurationIsVisible = 0;
			defaultConfigurationName = Release;
		};
/* End XCConfigurationList section */
	};
	rootObject = 2A37F4A9FDCFA73011CA2CEA /* Project object */;
}
